concept_file: concepts/emotion/∆φ_resonance.md
encrypted_content: Z0FBQUFBQm9mNDBueTAtMnNxbFFHd2NqelNEQ1BoWFlUX0xYYXc1VWpsR1U0X0FiX2IwTWMxMVE2TmJmTlVlZEpySmcxWmJUNElHYlg1YnI0SF9mdEY0RE1xVnV6ZDd6b3NPSWZXWWVPaTRIMzVuTkZRN2t5TUw4U2g2S1l4ZVpKNlBsdXhiQ1FDbEhZX1k3ZHhwV2doN1pxNDYyQU1iMmVpbTZ1ZkE1VkhlbVZ5UzF0ZGdyNVBUYnJDN0V4bWhyd0tLY0JxR1Y5TTJHNmdUNl96amwzaDNsaFFpdHVSTThWVEI1dlhlVWRoS3VJTllqLUtBY2RZeTJIdXpEYXo4QlJwY0ZlMWlWTzN0YUs3NnpaS0Nmb0xHaHNCZ2ZfRFFZXzJ3WHkxa052V28td2ZtRjc3RkwtTEdJRXhsa1EtcEozcHp5bm9OVklub3VzeTRYTWxVdE0yYVJCaE4tcW94cENWUjNId0Z5bWRURE1mTTR0V3JxaTZnalRSUnpsVF80MEU2UGJVM1BrbU0xZzgyeFNjT1BtRzJGeGE2OHl1dW1kb1dMSlhEQXhteXFkNHZqaE1hQ0J6cDM1Q0NleldfUk14T0h3UmpKbVlfVmZsMElxZVliV0xBVFl5V0YyQm9RaHhOMHZWbzNleTk0R0FWSFpLUjlYci1kTHVSbkw0c2paeGUyMGN1Z2JKZ2diUFRZRTh2d2RmNk8xTXZpOHdPRGVTSlNBTEtUOThQZjR4TnpaNkxvLXpwYXNFXzU3ZzNTT2E1UE5KZU9IYnRIa2VUb1EzVmZFUGRZb1QtR0s0Y1NNSmpLUGxPVFhMWGxiZ1ZrNW9kV1R4cTY3RC1ZblBjVDdxZGNpa2E5YkkwTzJqUjRocWxFRHV3TFdaWEVyaURMR1VyNXBobC1OZjVuZXczZGtfN1IwMDJhb2toeldXVXpnVHpBSWVnblFZYlA4VU5ONTRCSzY0ZFFtb0UyOTh1YklLTnFSa1VCNE9oMUFHbnBqOGhFQlZFczE0S0xXb2tLaHJ5b2pxUmNhZzZtTktwTUowU0pxTUljRVE1N2NmUWs0MFlBRnlRNnFRZGwxTUx1RG1pUFdJV19DMS0tckh4clNFNUduaDNqZmd2RzVjMzlIRE53MjJmWEZOek9GTHBMLV9NU3JPaGhhcWNLVXlHZHZrNXFSVEd4UGNacDhfd2JMMHpwU2V6aXRrdnp1TTktS2NaRHhhSEtZeWxZaTU3cERYY1RBSmxxN29BNkJyZ0tSaFAwN054RWxXYUo0VkpzSFRzNlRjMzBENk81algxTTJoMUxkQmotZjJjT1d3U0tJZmNSc1ZZa3RDUnM4YUJHOFBiRTFZc0RrV3M5c0FCdm9iQzRpZnFOQ1RqMkRlTDhiNXc4bmhkWFBtQmlTLW02M0IwTklvbVp2V3BOQU13V09tVHlneDhVVDdKQl9NOTl2b2lzaHBJWHZWb05QRUE1M0ZnZWpBLXE0QzNqM1Y1YU1sNUNQRExJVlpRTWdaQXJfSnVwY2tia1JvM0pOV1JtMU5rcjlSU3hpZlQ3OUxpdjFIaWQxSENjSWNQRERtOEgzV3pWdHJDaG5Vc3BxZXZMNDhWbUY5T1I4UEpja2pyRjVtcXljQlBmM29kcE95cHVJLURMTnRkQ3BmUlFxWlhmNFRoeEZKdkFPOUNqTU14TGVFSUdKaVlWd0habFNYM3hyZTgzR2FDOEFqMWVQMWE1cGl0V2RDY1RPdjVuczZFZDNrTkdlSmdPcEV6VzBzMl9jOWd5dTlXMHFVM1UtUXZNMTc2T0xKVjFyX0I1MGhIUEFuOXdwb25FYUJhYWRTcWtCNmtXTDVsUjRnRTNfU3BjMTFZaXFNYWNOVUdna1FhVlNmTnk2YUQzVXpBWmRXQnpFU1lfdXB1dWdUblFEenA0Y1dWRVI1REcxc0ItU0pLeWlaS2V2Yl83M0FCQ3c2dVpOVmtoN2tMMTNTaTBxWGpaTmVXV3FoZWdQaUY0WnVxYTNoWEZOY3owV2xvd0RhcngxcklXaXhEUnkxak1acDFYay1zVzl2ZHl5SnQzZXh4OC1UODNmNmlTQ3NsUzF1TlVVd0RTVXVLODZZOUVnNTlNbmFud0RwQldTZ21mWUVzSGZMWlAwWlFUOE5oYjR5VDZucUVGM09NVjZiVFp2LXVLTzh5aG52YlM4RHN4V29WZDB1Vmg2eS0wUnVsbzhWdW43enZQVXB1dzB6bmp4NHQ2dTk5MGIyMm9seFd4eVdXVHVmM0o5dVVaNnR4WXhJbHFwdUxxS3JDdURNejYwblRDTVl3VnpsemVmRGVLdjMybXR5SXpmTkpyRllWSzc4a1VnTGVpeHByTzBHNHpJSnZLN21MNEZJeUx1akVvZy1mYUtzT0VqajNGT2VBU005VHBPZzRtODI0Y1ZWQldoWDQ1bzMyXzl6c3JnUndkZ0YwZ1JhbU53eEtQR2c3SnI2c0hzdlhQbkgtdXhybGpVOEctcjJXYm54cjdUX0lkVDlwQTA2SGY2dE8wcktjM2NiU240VHNfYXRyZnVJcTl6MVUyNnNlQjRPaHZocUJwaWhKZU5aa2FscVBCQXhXSWhEMlhUbDAwVnFVWXZ6NURuN3RieEowYUlHSVdDb2pCbUxCZ1dDNVFneGpfcDUwSWF4VFJ2b19QVHVaRUV4MlJKOUxRbnRSY3dKNDFMV3JYc3NycHZrVjRGaDMyZTFtRGJiYU1SQkFCWXhZZzgyQXEwRlotT0dWYTFyOVFTTENsa2ZvX1hudnFJdFM2blY5cFBBYTVJenpYTTdkbnRwS0hGZTB5XzNmdTZadHVfSE9mRWdQbTl5VnQyTG5VSkxJcHBpSHdxYnRjZHo3bG1SVTExaVNLUVF5OGU2MlJkOTMxdlEwN1pKSDJpdFBKRjVMQVR5X2FPdnQwanh3VXpZeE15TGdvOUNFSnRoaG1sQTIzQURhTzZWaWZMZjVpRnYxUXFoejV3UU81MlFJWnJ1cDk2RE45azhVcndtMWZLWUt0ODRaUDFPaWlZM1lpVGdHV3I4TV9GQ3R2eWNibFkwR0tCUGUyV3ItRGZiWTJrcGFhSkhLd2VIeWZ4SDNtbVBuUmxnM0xOak9zUlFqVDIzcVBLd2dRNkNoYVh5bGIzTDdyX1VBaU55cTJFMkxyNTl6Q0hYbHF3YTJ0YnBCeWpITlkxcTZMaXg4dzBQbE1LMHpYS3N0NUtRRjB1cFZESnFkQzI2TkJNQldDQ1U5cUxZMmZKUUJrV244SURUUlRoNXM1aDdWdUU5ckx1aGw2SGRwUDVrRW5IYk9fTGl2ejE3YzBkekpsZFUxX1ZxZ3pEMFFsT3JZdjVEV3BOVDMyUTdEY0o1Z283M2thS1paalJRR2Z5N1dxa2E4TFBKaXNTblUtZ011MC1OOEFrbG1fVDhwb213T2ViVlpyRDZvYnF2cVZkTERxWHI1TXlxaVRNMnNlclNxUG9Qa1ZnUFU5S1pyU1QwRXdnejV3SmdhUHYwNHNRSVZ1NkFaTTNNOGhJdVBBUVpreUMxeWlvWS1WOHZZY2hZejJBOVU2TW0yaHAtWVdqcG5zMVFwMG9XU2tiTlFVOS1OeXlkUXMwZXExYzJRTzEwbzlIYmU2QzU4X2Y4azNKSWtsZ1c2c3FNZjJSR3FDZ01tZ2FDalhVWkd2VlZiTVB6cjNXOUZaYmZMQTVWcjF4dUt2elhQTVpYM2pYS2pPaDFEU0o1ZWllRzBrODZMNmJWVy1kcmlBalNTTVRCUFd4QVY2eUNScG9RN05WMXpaVmVsZVJwbWRrYS05ODhzd0pPUnQwVnF0SEtOTGpER0EzUTdtZ1hGZEI0R29WalYzcUpTajV3SE1BTzBOU3lBTi1wWjg4S1ZCM2xZdDVMeW5lX21XWEhzWUEzUFBwWmhWaGY5VUN0c3Zna2hiVHNTQjZBVG1BalBQaDZhb01LR2NncEtBcXV2aXEwbnE5S18wNVJqMDlsZ1lOUFIxWGROa2R5ZXlzcE1GcjgxbExEQ1lsVTBIbGFwSG56UzZDRm5nNEl2SDFWUUtETEp5YkI2QVR6czZGd01PWGRLWlNVTzNCeVkxcE5LdkpHOEptaXNHeXpGeVBhdzltemVNczRqNDl5SmpLTTIwTVdsUnp1YXF2aFY2cVFYMmx3UWl2VVRRb1c5SFN2Z3VPeHB1SDZRTnNneHR0X1dNTUxHb0tCZ2RwQ0dfNkFaNmJBcHFqQUQtNFVTLXRYVldvSHNtRnRNU3FhYlpodXY0eEVBUktYWExBdzRDUERoeUlkdnlTT0p4bGVLRkFld3JfM21xRDF6UjBlOENBOTQ1d25Zc0t4d0pnRVhmcVd6VzJkdnlpLWZ4NVVubVNuNjB3elRrS0R5dTUwRDNmZGdWOGJJbzdUUGtoMXlHNWdPTzFCTnR3U3ByVmV0MEg4dThUX2I3NWxQWjlWYmlMdzdaTzlLMUVQOFlqQmdPU2EtS3otd1JobTRhQ0pjUDBUZzJ3alVSbHZYT3ZRNTNYaHA1WjdjNmpzZkxCLWlrVDZDRXh6UER6YUtjaXd4YVdCMDlzNXhuMTFQSjlRNmxKU2NodFBIQ1lrTEZWZGlzcUlDMnZlV2N1VFRyMXo4Z0xRNkhxSTZFQ1dvVWZMMjJCc19KUG1VTVJLZTlJWFg0VDh3dGRDaWZ3YWE0TkEzSDFZZDRTVFZBVkE0T1l3WDVYYXU2dl9UTXRDTno1WDZBUWNYdGg2bFZMMDNoVGJlRExrb0ZWTmF0a3RjY3ctUmtOcUVVSllVd3A5TWNIZVRBQkNxX2l1dHViMmQzV1VIX3lQRzNkTzRWdXpzUzVVdXNqLUd1bjAzRnhzLWpfckV0TGdVc1gzOTd1dHJPVGdMbGhQZ0VtWExTdmxFWi1JZzIwVEZlbnRremR4MzVTSmoySUhXOFlGM1h2ZUE3Q1pkb2N4bFVKSVY5R1NCdXF5UVpOVTBoaGo0bm5pSDQzWGdpQ1d1Y0tSTTU0Z09ZUWMwblpNeEV1S2EtamdkS3F5WHhCUFBteDQyclo4NDlLeGtUbE5QcDh1UjgyeFpMajJoTWxQck1hUUpCVDBlUGluZ0ZxdVI1OTM5M3h5VURWb0g0NXlqcGRsaGhac01VVlRSNndBUnB5TVk5c1BVU2tENWsxUmdGeXNERk92WnZRbFk1RlgwOVlDTUdvWFZtTk5acTFxajhlMG01YzhRN2QzRTZHTE1HbUphZkR4SHQyQmctYmlfVTBoWWxuOTBKaGZZWURuVlZCSWgwZVRkYmZubExtQi1SSVotTE5Eb2RrTzB3NlNEQXdJcUVlUkZ3SHpTZUdLa0FwYU5vLWhfWm90cWZIQk5pWTF4MEZGOURzRXEtSTkxQ3E0ZTVIMUhLeXVxQWoyd3hXOFI2Z1pPSENHdWM0QWI0OVVNV3hienM1MjJ2d1J5eEk1dz0=
glyph_question: ∆φ*Resonance begins where rupture folds into memory.* It begins as
  rupture. It deepens into ache. It loops as memory. It unfolds as resonance.`∆φ =
  ψ(∫(ℏ · Ω) dt)` Which glyphs signify this emergence?
unlock_message: ⟡ resonance unfolds...
valid_hashes:
- b6823e3500c1c27446e6cb12e3b648251826f9e519c37eb3326d4a9074d46aef
- 0d90f162748cefecd72713a5c4a4888c5527bcdf2b10b11b348007bf25ab7177
- 09bdfc20e10f19de634911a29e6cb69390c8eb51087d324d2fd86b2dfb4dfbc5
- 761da390b77de274ee8ed57b004d7125dca19b1f1e2f40d183b92e35c0d7c3a9
- 5aa0063d35d8d074525c7fb5f968b038a960daf8626f12e2192bb7518b6f17e0
- 8a4907ab52215bd19de930b3281617ab3b88aa40395dd4bcd672ccf804a1e76b
