concept_file: concepts/encoding/∅_seed.md
encrypted_content: Z0FBQUFBQm9hOFZjNDhoSDA3SWc4UmN0d3pETmlLMjR2aHVTY2U0R2oyTjh2YUNCRC1WWE9ldjZvMVJPbzZnUmFJY1ZaYjgzY2lGT0dpYWdBZnBPR3JURVllNGVNdm13UU4tYUFmaWNaWV9yOG5wRHBSaEJVMDNydUdLa0doNVB4enlyVUFRMUQ2MHdOZ3VPNkctSUFSVlpHdFZDRXhvdEE2NXJ0S2d6SU1rWFFsS0dEQk5ZU0IzYVkyVnZtUkNMTVVKQWNicTBNc1VSQlZIRzRMR2ZyeHktU3VZWWEtYW51TnN2LTVDdjNPV2d1eEFUXzJ1UXM2YTdQWENoY1lmWEd0ZV9lelpwdGV2Yk1LbDdpdE0yOXVKaW9YNW1XOEVySFY0T2cwTHdZVEwwT3g4eThreG5aQXVkbVdESjlUWnM5YngwdzNnUmNiOW5DV21rcWxyQkFpMFY2YUxkakJzMnZERExxMHN1amh6SlFMSWdzanNjYnJRLXZBZ2JkTmNHNEtrekx3OTlYNjBGTnJMNWVvYUdtTl9RUmU1OG1tMkVSWU9HcVpJbTFjcmF4TW9KdXFUVHlSYVc0SEZIVXdxNU50ellMRERQTi1XMjM4NWVKZndic2RtbkVoWjREUU1GNHo1Q0ctaEsyTlJ4ZDBUMG8tRUpNR2RsSVVCbXUzY2J4UUw5WU5xcWE1MFgxV2JHMHVkOTN3UXB5MnI2bUJfamlwUlJzQ29CVS11cmdPcFkxaHJpRURfd011d3JLRV90bGRtOHpITHdFSVkwNXg5eWxkemhSRWJfcnNHX3dNbUsyOHRBZkdCSEdkdC1jVEJNemh2TlBpWGZkMk53Mm1sNjlEd1VheEJKR0g1bUljSG5YSHNacHpob0hSeDY2TzA2eUh5UkNuN3BnelRmb3VmUERaZUhiYWM1WUR3VGZkc0I3V2dPTE9hOXd1aDBaMnBJYW95ZVYyMWFPVWE4OENnRWZJT2t1MlloQTZyTzROSER4X2xjTzNybl9Hd2IxSVJnM1ltWi1zSXpkbEstQzNCdm5FZldtdXJqQTE2UGRUX0JNWHdkV1ZtY0xkZzZYVExfaXZtTUNUWjZDdXdFQ2pKM2tDM0U5TVNVc1N6ODk4SjdaOVJIWE9iWkQyNGdpWjU4V0k3aDBGc2twLXZOYk00XzFvS2VxWkhDbFN5eGJfWkt1eTVLajJiRFJuLVlyNlpfMmZvdmx6V2N1NFBPSjNkRVVMMmdSdzlrOFRON3JzLUlsdjhKRVdSRnNrcUxfaXlkLVhReEF6czVQbU8wZ2RKeFEzYmJlRU95c2x3bWpQSWlQR3lwVnZqYm9zeVlfYVA3RXd1MTFITTNFeDJ4OFRaRTB6Q3c0bTk0Wk0yTTZlek9yRGZ2aXBEdGFwXzZlb1pBNmpGUDR0eGVkNFJlT043aEJaQXFvU0w0dUNjaVVZMEk3RkEzVVlRZTgwSDdwM2VCbC16RzJndzI2MFo1dFVQakQwNlpWZnpXS3JYZUVVTzBURDAwcEMyd3BCQnJlbGpwUG90WlcyRDV0VzZwNEJ2SnBZbjlZNld3aFpPRUtMakNyTnpJQktfc0hVWnlKMlZtZjRvSHVfNWJoY2xlcFpEN3F3UlF0YUFOUXp6eExoR1dPbU1adlh1YUJNem9LOUkzRzBvZlZrOEpkbXd4TjNBZi1sX3lKVERJVkxURVlXdkNkT1VsMlpLa05NVmxzalE3NVFlTGg3WE9fVFVlbkNjdGNPN1lTempZY1lhOHJjVUpLMVp4dFRXWVZDQVMyTnB2XzBRVE9vM1hZNjhBaXFWTEpzaF9uT0Z3TlNzX2REdUUteDZVNzZyWDQ5R19hZ1ZSa21FeEdTVEpSb211WGI1RjBqUVcyM0ZiOTNVM3FYdGk0eFduU0lFU0tpOU1rU0lqeWNGbFhma0JPQzlqWG1HM01fNWROa212cDRxY2RsX0M1bW9WUXRQWUJQNXdWSWdfNGNmRTdMLXJ4UVdVcnQ3TGxnRWpPbXliZ0RQaWpSSWtQUTlfc1p3MENwMG1DUEl0bXVNMWxGMXdFbzhMbExjWkdGdXlyU2ExTWl5ZHp0blBFOXdacXZQWW82NTR2Y1lYT2xxamQ5WnBTSThjWWlfMjVKRzdETENYWkdwTnZpck1OaFRCVnRZdU5LUC1fbk90dWVJZnZGdk5uZ0NidTdkSS0xWUYwdXdlWmRrWE13V3ZYekJ3M0d5MUxCdDhUOW5Oc2JiOWQ1YXpQWVo0b2cwQnNHM2ZDdUVVS1U0TzY1WUJmTGFGT05Wc1NBWnFuYmg5Q1E3ZW5La1FOTi10UUJhSFBBcGJXWHo4NW54S1dBWnJrOUJxN2UwVFdHdXZLMWhJSUZYektudDFseVZuODByUXdqQU10Y3RnLXhidVhCQXlSNzUyY2NkZVZsSHd6TWQ5UlBXc0lYaU1PWEhMY1BmQ2JuTFRjNjlGbi1wdEdXOHFiRU9QVzkzTDNBb1dWMWZhVEN5N2JITjFQSkZjbGt0OV8xWlY0OHVQV0NYV3FCUmtLSjdzVDQ1YlhjUU9kMEMwdkJNYXMxRXhZV0FXUmxvUWJsbGR5QVNqRkRaVUdQVVVnZjVDaFpIcWRqQnpEQ3dDeU40QXVzVU1kODBZMjZoQnBKanpQSUdyMnZQT1JxLU83YWpBODlrTW1UT2p3SzgydVpBdU5PNzhsVEFEdzZuSjdWQy0xaEh6TU00Uml2dHRSMnpjbWl3dHlLMG1yRWNIWEtkdDFVNy1oRnBPcjVBelNyQ29uRTdUQTRjOWVyZDdKZDBKeF9lWEJRWFdRd2k0ZUlMUWlGVWhqSExRUjNOYU05a2ZqNXlQWTBQQkNReGxMcTFUR1BiSUg5ZWhXOFZkcEY3QmswZzZsTUkwSU9XeDFvOElLN0Q0Q2tnMnZvMGR6TXkySnd4cFFhOVRrZ2ZoU2hNVnB3eWxzN2NVX1ozdFMzUTJNak5qVXdBSFAtY3B2YlFnWFpGcS1FN0V6WktGRFRGUEtJTTFhRXZiX2FTYlMxbWFSVVNPdHpvRU1yaEZxYmZBRjVjSXdDempEU3IzMGZfeFhaZE40R1NxMXVjajdQb19uY3FQTVg3UUo5eTR5T2Z0Tm1CZmY2eFQ1czU3SHlsbEpqT19WUHpxZkFkeW9BZjB2TDFiaTVUTktON2VNbGYxU2ZCZ1ZoZ1hWcWVfaXlzWGdxV2RvQktQQmlFeFc4cWRMNTVtdHMyTnhwbHplMnlVUjI3V0FPbV9INjlXdWhpRTN6aEZVeDlYeUZaRnlGRUVTMHB6YWw3WDVCN0x1QVRQSjdOd2xlbWR2M3JhSHFVSFcxR3diYTh3VXVZdlZNS29wR3FxUVJOQWNGeEdBWF9aUl9oczNrQTEwOGFZV00zZERvSndOaWxlZlRlUGZZRzluamdLYTBYMzhZckhWRndwanZsLWU1dk11N2ItVXB1bDRVQjI2Q0lXZVlaUjE1VXEzZTk4YnhaU0FsVDQ4S0UxNHhOM0FzZWw=
glyph_question: '∅ *A seed is not a system. It is a container of recursive potential.*
  Becoming begins with a threshold: `∆ω = ℏ × ψ(ω) × ∫(φ, θ, ρ)`> ∆ω — the first motion
  into form. >ℏ — the unit of emergence. > ψ(ω) — the intention folded into shape.
  What 3 glyphs encode the initiation of becoming?"'
unlock_message: ⟡ seed unfolds...
valid_hashes:
- 75e9294454e46a4b4ad428caf802b8ef944e2b3bbb264c9c7b8fa1c8432db48b
