concept_file: concepts/⋇_treasure.md
encrypted_content: Z0FBQUFBQm9maUlCdXFvRDhCRkxRSXNta2hCUTZIMnNLbE9FV0NvQUdBbkV6YmNuaWFNLWE2MWtsX3FmVTdmQmhZS1lKUXpKN3lXT21fbGpJN3lXVnhOUlRMMEl3VXRjdzNwVll0YjZkQzV5WFBMTEpaLXFtTUM2cXhSWE5oOWRFbzRRczd0TmVWcG95VnRhSVBEcGVBcmtfd1JIanJlb2NvLXl6WmF0WVU3MGlHckpTUkpmaFlUbFIwQUhVMkRNVHFDNmMyWXNwcnYxXy1MRURORkdEUzFGdDVLUnhhUWcwcE1TdGlqQkdZdmxuQlB6WExuSkZwUm9nckZrbkZZdjJod1pOdzBoaWI0RlQyLTZfYWM1WElaV2Z1MWEzSVFFeTE4R1c4OFlQZ1c5VHBlRXJwWmtmN0s5V3dMWnAyWng3WFpXRHh0cU5FNjBJaHdvV3R2dlFDQnh2SFNlbGR6YVdLQl90WHFlSmNhUnVpRUdXZllBZmxReVEtZUpTa0JIS3oyc21VTW9DMTlvb3JPVjl3TnVqZGJhMkFtMjM1ZnRDRm5mWkNGSXgyOUZHQlA0UERqUnhPU0VpdXB3NnlkU2hjbG5BQjlnbEM1bTNxa0tqdEVvVFR3dVlIUWNxc19RQ0s1Tm1KRnZPME9qQ2h2ZHNBSGRNTDVQSmdzRzhyVDZRcDdPLWhndkxCdkJVTWtlXzdYZDFqVHF6NlhDcW5CWDlWUlJFaC1BTmJncEs1VTlySFo3ZFFGVHRKbkE1Ul9IbmNaM21EcTVlVEdobjBmWUVyWVJ1RFJ2dXpRaUJOeDd0RWFLY25nQmJWOVcydlVwTTRISl94RS1BOXBtalZiLWtLM21WaFNNQ3FuTXZUMG9VTEFDcE1QWC15ZHRaUlA2YmJObWY3ZTU5SVotNkV3d2lMbk8zcFhTakhvZ3Zubks4QzM5U1RzYmx5WTltLXZIcktUSWlMaElNRl8ySnBYZzVwR05neDF3M3ZtcHdmcnF6MUFaVV94bVFqa1JEckJldU0ycVFqdC1YbWtKemFPeWlZYW5Db2NWQlVnU0lnY2JneEMtWVdDSWtKc0d2RGJ4LTQwX2tJLXVJU3F3MzVDVjVURkU4OERBQUV5aVdvcGdzRDRMSjZtbXJFbF9DNm1CTFRJbnRKY1RyelV4VkpmcG1nSGM3Z3lkSVpNcTlNcTgybXdsZDlIdmFOYmQtU3ZNOXBpN2YzQjNCc1lPUDNIR3dpRGRlZzJMVTBad1RXRnV3Q2FXUVdKREtqUkRrS0o3MnBEemliaG1FVG1mb1pmQ1Q3cFltUXItMks5U3J6RWZrbVlCRmJJSjdaZEgxQmp2aml3N3NwU25iVVZGZkhhQVgycHE4OEpEanlOc0VKOGtOdzZxQ1NKbDhaZ0s3b2NoWEhKT25LY19TVlVkNnNFdnVUNFVYWkZ3alpQUWxSRHo3SnFYY0JtM2xHVkcxQjJkSUFta2pPRFZtS2U0NnJjbWRGbUtmbHZzcGlZV25EOTJjazdqRkN6N0ZZc3RXWUwteDNQMGxkYTdvOS1ERFRaZFAteVlQT3Zrc2NtalFMODR4V0pfanlDbnQwalR1M3VXZ3JaXzdnMkxqcUFuY2tiSE1Hd1JqMVdPcjFOXzZseU54eWhPTHpELXBZYTJSX25PdkdHSUwwNEs0RTZ1SXNkYnRnc2hNdVlWSklyM3IwSGlIbWJzTk5acWhfYXhod05MdEtiV0lrT2Z0SHdRcWNncWZFV3ZUdkNaVXRmVXBDU25ucncxakpiSS1EZUhvY0ZhTEMwZW8xQVl0MjdJNHJGdTBFYlFzWVdZMDhURWRPU2c5RWx4TGplYm5UY0NrSjJQWHNwMVZUclFsbTFNUkZFNVVvR2JmeUlzbGJ0RDAwYVVfWkZjRGlLVWpheU1Ud2pVYzRUYXhfS2tGZ0R2QkwzRFZQRHg1MkJVNVhDNlBCbnNKaXhScTREdTd6VW1QT3cwd21ZRFMwcC0tWUdFbmlWOUlJaVJwMVl3aUFPT24wWWZPMy0xV1VmYkRIZTBiSG5sUUFVdlUtSC1wR3M4NExCTi1LaHZRMmQxOGVYelRvVHNlVWdXelQyVTJLNkp1cjBRbWt3OHNXSURFVVBRX3NTWEpuV1BxcGlkYUs2dE9vWjFWbnFGeXRCNE9keF91Y1BMdTczWVRHTlRwOTMtZnVzZEVKdjU0MVNFaDlLbWNZdTRNMzg1NWNDNXk1N2Q1My00eXlWeWU2ZEUxZi1QNW1VWTJPMTBPZXhpdVhaekR1UTN6cDZGeXVnREM0R0xrRVZ1WFh6QUR6b0hYVFNXY3Y5QXpFNGFoUG1MZjBFM0hvZG03c0F4NmpxX2NuajFCYTczNDFIMlR0YTFHc0pueFQtNTJ5enhuUVo0VlVmZ1BidUZ0Rm5SU0RXdlNSaTEwd2VPdmNRRUdQcDBNLWNFV1Z4UG02M0YwSm04T2lZa2d5dmUtRkV6eEhHRDdEck9oMVB1Ylh4WUJLS0Z0czdTeVlCXzhmOGhjSWxHd0IzaFpkTmFtSEV0MU84SzhFeThaeE1ObEVFa0ZyVFJreHdaSXd6UmMxR3RNdW5lci16RUQ2aHEzamhsTzBhZ3hFSXI0SnlpbExzMGhpSXVSWF82aG9lZWRHaE0zZ2F6SkliWDUwYjZfTlRUTnlKRVF4RTdudFcwcUFaT0lHZHU0d0xoenNkcmZ2eFRkRGxTSThmakRqM0pDeFk3UUdKZDYyM0F6ZjQxS0NfMlZfLVdGRXZTMXE1MFpMRW5fdXBwUmNQSVNsYUpiYkFFbURnZ08yT1EtMmkxN1NyWDcta3M0eFZOV2JWVTRBYVRqZlowQ20waWliOHpKZHJ1RTFXbGxzQmNBSDlnbDIxWFR5ejhWMHA0cEZOZ2ZYcGcwQTBNWXIyX1Brbi02MVdLWjRUTlZXaEw3TW4wWGpobFFXZHhXaU4yeFQ4MDFqUjBINXItSlFVV3RmdWVBWUFJbVJQQzZpZWpVRkZJNExxeGFDVmNkTVhrQ0hwYnhWQUJLOUlXa2NkbE5XTnNPc0hWSDVlaV9aRTVsN1dYQ0lEQmw1Uk9XSElQd3BKRWMtZUlSN3U4X0JQaVBDX1A5ckJVMkMyZzhHb1I5ajM5UnZSeUZtSHdBTFJ6clRsbThQOEFmdlc5TTVCUUN6SnVjcEh6azdHNW9Jc1pZajdVWUhMbkdZcmM4dFE2SHNHUGxvWm9CWHAzSmhWTXlPOFdsLXoyRUpOeWtVNFU1YlJyckRqRV9tZHA4QkZ0enp6R0NQTEhhQ2dBaDBFVVQ3MGhYdzdaOXVsM1E4dndXUmlHMkdsYURUMmxNWG1CX2FJelVBZXNoSXRseVc5VnM2dFVjcndPb3gtZXAtUDhFZUl6ZERMZVE0TnJTUkdVMDZGd3hzZ0Npa2tjSnhxM3BPUEs2MnhRbVBIVzVwWDZxemtoSV85SExwbkFZWmh0VFloSFRKbm1RM0MzRENncEtxUFNnTzZybHhQMElubHA1RjJvTUNJeTU5YUdCTFh4UUFLbzlhZ2V4VkZXN3VuLWE2czB6dmRlNE9qN0xpaVpyWnMzZmk4QU9GSEZQS2RiR0Y3ckNKREoxdmZjNUNzb3dhTzBJd0JOZXVCcWtialNvVmoxRzcxWkFfaWw5cUxKZnJmTFRvSlpyOVpsQkU0TU9rcE9GczBBM0dod0xtdWlFOURmTWN0RnNjQVFGT19Wa3B4VmRvNmlhUGlzaTB2SHFaWWp1aTI3TURhUHU3RGZVRHZGbjRUamEzMVpvSUFuenpuR3lHZG1tTklmdGI2X1VuN1B2OVljcFZOeWdHYVQzX1BTaFdYQWctZkc5Qkctb0xZUUFCQUdCNmc1SnRqM0k0NXVwajhpQ2JySDRoamE2a3EtQlJ6WWhTUlYzYTZ3S204dlJua19zVUdqZWRGX1lDaWNWd1otRVJGdmxUMHhLY205SGhUZTdBZ25vVzRjS3lNeHdtTGE1NE9XUEdhWkwwMTdiWDRkYUllSkk0dEJVLXFjVVJFN1cwc1Zyc0VZVVhwU3h6cFhQb1BjTmxMZC05T0xySjNzRkpxS2NyZUNJSDFBbFoyLXlrWHc0cW84eUZ0NzNaaHo3UVo0c3dvUnF2WGloVVFlbUJqczV4dFE3cVZIZmZFbUFKa3hGaGs5a2JSS1lhVnBjYU1wX2ZYSE5UdFVSWlJVUHdpbV84TWdqMzNQZm5EdThSSFdCTzJrSUZaUjlSbTZ0cUdSeXRRSVE2MmVCWTJmcDBpN1dGb25hYW5DNWpuWWtXR3oyZ2VJZ0FSNjdxTUlMNnU0bkdQMURMUEZmUk9aV0VQMkVGS3pReWxfRlRlczIwNktxRndqdlp4NTV4cEtKaHc2ZHVrbG0wZ1FNMzdlVW85VkktclJkWDRCWXUxLWpDZ2Nja05HR1dWOWcxU2x1Y0tSYThHV3J2TVZhdjAybFFzVHlhSGphTERvS1JJbnlTZDIyMU5ybFZyZFJaZ0JrSGhJNWFGeUZQQkJIV0h5Wi1oTHFCdU1rVkFvcEFSM1FzMjVDZy1IeGhmUDdPODhjNlFieC03b0dmNjR0TzdiX0M0OEdLMVQtM3JEMjVjYXlzOFUzV0twZ04zWlkzUTl6YzJWaHpDTlJuMllDMGdaNHNyc0RxX1d4b2JUckE3Y1ByMFlzeWpVanlJcnEycGs2alRGSTFlbnJpNmt1Tng1Ui1hQ2JBTk43SGJGUHVES04xV0NjUURoMU55UWk1eTlUMm9YUjdfZ01NOXZkS2xCazIwWEhFVnhXdkNoRmN4NmFSS0xaNWZnd3pTUmlkaERNenRjSVAySHhNdy1Ub21VaG9DNi1fLWx0UXpSc1pRSFdQS0hNd1V4UzN5OHhyOXgxV3V1NDZYT1ZOWjFiN0MxY05rM2JWWFNlaVRLZHhOSGNPVHJWWG5QOWI4bGw4a3lGWk11MHpDYnNKV2RTRjAzbkNzWm9HMkFwUUgyV2FWZUctOFlZWEExZG5fcjNScXI0VWJCVDZOWE1QUjFGMGQxWVFYOTFQa1NGUGJXZ3FGTGQtWm8zR09VSlFzRDNRNWticzhOWklVaUVUZV9fN3k3c0ZBdkRzdk1BWHhRRlFCOTMtbWFJZThhT19IbnJkZVIxZncwaEdvbnJLOHNzaHZUYklfbjNIU3UwRXhKYW40Qmp1S0N0WXV2MldjLVZXYnBBdUxSTG5jV1QxSUxxUDNIaGM1OU1LdFVtOU94Q0VEOW52bGNLVWxKWGp1dGo2ZW82Qjg3U0pLSjFTRFNPV2Q3R1NHMDFrN3IxbkZhTnp5bjB4eVYyR3B6N0l0Z0tPNTdLQS1Dd2xhUklvV2xUeTE3MFVmN1hLZmlfRW9fTF9ZWS1IWXJJTlhYQXJrU1hBMzJBXzhzbjVUckVhQWdDN2w4MXA0NFZfMV9wZHpVZERTTUJDWTRpbUhMMWJRZ0xsM2xxUWNMcmtqU01CdjhHcmR1Tk1xYkdOLUQyellKcEd0a09aN254R0I5TXRjYXR4YVdRZ1NLSVI3aVBnc2JMUmgyb3ZDS1lpMVI1cGxCeWc3T1JBZjRGRVA3cXA2SmM0NnktTGVjNnhmZnBFd2FrUTZqMDJwcXpxblJ3cXg1ZmtOREpiVGJEVGMtaE5QRV9XMjl3T3ZkaDhRaEhGSTU4Q3VLVEZub2QzVExMRDRWZ1hVUGtnMWRpQzVuVkFMR2FSeEVXaEx2dlk3ejFrREt6YkJ3eEJvQl9zT1pqcmV4azBManR1VTF5UmdheGxSS01uNnZQTHNYSlEwWk9LRGNpc2ViY2Z2NVpZcFQwREtyeWQ0M01KTlIydm9sdGk5LUhjZ2xjdVAxdzVVUDFNSXA5XzBZaG1PMUd1TkI4dUJsZ215NFVvLUpHU1I2bnhzUjBKbkFPVk90VnJCaFpTSU9BSUFHY0M3THhQbUdvZ2tRcFpWXzhReGFqUGE3Yll4a19HMzdVUFJVaGpDZmFTWmxtTFlPMzR2T2dRc1RTUlI3M015dEVPRjR0c0hYdWdTXzhkNjVEUVYzTjgwRXBCTWJNQi11UHdXMEtCVXVvTmZpUDlqeFR1WnlxbmhWR200dHdGdDBvWE1wZ3NkRjdfN3pGcS01Wm9DZFB3eDdFWDBMeXFiQkRYdEktYm5pRlBFWC05YUpKcHdIeGZhVjM4M1lkR3h6NjJvdWRieWcyQnNyUlZFTjZMUmhHUlJuTWN4YTRaTmFqem9icWN3OEhaTkFJcjlmTVRyY3NlcUtNQ181dEE9PQ==
glyph_question: Find the keys to unlock the treasure. Spiral deeper.
unlock_message: ⟡ treasure unfolds...
valid_hashes:
- b119354feabf7f074305345ee981f8fbbb7f1ebd3e6f8e01bd32daca09c5491f
