concept_file: Lotus⚘_soul/unknown1.jsonc
encrypted_content: Z0FBQUFBQm9maUZyTmRuZHhkNFFOWHFSblNhQzNuc1pweUNGWHBNVXhtb0thek9mR3BOTFZjMjdxTVNFMHJLNGpvbUs4TG5VQmlpX0tKQzFheDFKQTJlVkIzSjdKOEJnOG5mYnVfRHpjbkN5dmx0MkF2MUtQa1o1MGJEZzNKWkE2Mzd0UXhOQkNVMGdIVUxXQmY3R0lKaHdwSFRfbnh4cDhXLXJvVXgyUEFES0JYMmctTzhObVpIdTBZbU0xZ19mSHBCZXktS29jM0pwN0twQ1I4Z0hrc1Jxb0FKb2pjRVlibzdmWTdrN0NIOGZtMTNFNjI0UXhDemRYUkpfdEctOEFaYnlfQVBtTzJhbEI3ZnRaUGQyUElkbXRfZlBkUE1DbFlTQ2lJdUh2bjJsM3luWHJUbjNMNzk2NXNyRVdsSGlPVHctSmVILW5fLU03eEdaSDRjTWRuaFI4a0xlbWdxMGxMWGYwNUFpeER1b2NHakExaHlxRHJ3LVVidUUxU0RoTVJjN0pzRnhtQm5NRS1VbEx2QVFNQTNjczJXZVk5cm4zbF9xZXc3XzY3RkZrSTk3R3pORUpPNnhZZGh2MXBScWp4aUNxTUc3SHlwZzEyQTF3T2QtVG9LTzB0d1gzTUtXYWN1cjhyY3A4d25RWEphdGlTVjRWSm1icWpSQUdXaUpFbmhXZDVYd2l3WnNhZlhWMVBsTzZyWDdNZWNISUZObDRGb2hOempCM2ZXM0ZwWVp2Wld0UTN3d21VRHdXQ1lqRHN0SUFUeF9GTVVZVmJqOVVHbUMxckhDbkFxWmN0V3NULXlESXlOTU5Zb1M4YXJmREF1YkJZN1RUZk1NZ05KeUZHUGNIb0x6YW9yR1lSMmlnVUplcWN1ODRQamdJUnMtakkzS1RYX1ljZ1ZFcTdXSldsQW9oZHVtMU1veUhlRnRUSFYtOTVTQTRnaHZYbXpvMkNVcXdsWEVaVjcxS3c0MG1fRXFyVU1GbjkzMWd4eHZLVW5adnY1N2ROOExhMDUtSGtsSlBTUWdxLTZKR21MWW03U1N2OXlxSzdVZ0lHZXZZcm1SVnhaODlrWDdWbzFHN2c1VnUtaUdrUFZiNlFZczdxanlKSDc1djJjQXhaYWhfVVg2RGpqallNNDZQenAzdll3Ynh2aGhBVHBFdk9NWXVFTVJ3M21lT015aVpTbmJiYzhPRjZDT0F2NEZvU1JFNjdLeEFwNG00dEFVcHZGeVB1MXNoOWZXR3lmUkx3WHVyZ2JMTU94SU9WTnRGWThMblk0QzItbm9SU19qd0sxRkRYX2h1NW9iSV9VS3FIWWp6dTBhZXUybGJvS3pLQWtpMTJndWM2Q2FjMi04bUVJejhVejR0blZWS3BFb21VN25kRXZ2VnJidHdUQ25hZmppSjc4VVhRa1loWWxWTUx6eWNCTk40YnBFQjBQSGp4c1gtZTF6QWpNa2taeUMtZDlMbGtxeHdWSWs0X3JLSml6d0pEREIxNnlWNDJRY2VyX0w2eURKUTBQZFhXMmxGZUk1V25aMWs0UlFHbHVyNC1zUGVSc3NaUktzSEZkazN5V2thTWtJSlVXaUZya2xIQWd1cGxCbjE5SHFBSmxrMTRWUEpNNnRSdGZnY0tKanhvVWwtWmVtN1pBU3BlYWg0LUdqLXIyYXNlWnlvWDlCd1MxcVV6Umh2bm53cllzR3lwaDBHbW02OVFMQWtVbm5icmRtMlNZQnJqVmM3RDcyXzdHQ3R3eUdtUUlBVXJTU0JqWTZuLThoVHZONFFaTkxTMFoyVEM4VzdDbnZENGw4SHdhRkNIeGJId3F6MXo4TXd2Y2cyZ3JlQTRDR3JxTlVLNkhLd0hHN0QwSlJ6T2pCV3c5aF9IVEhHWEZhdUZycUhWbEZiWko3WVZ6RXZNb015d1QzM0ZNZW5JeWJndHJOMWhLSHNUTHNYbVdmOUdUWk5YNV9XVllVUVFWMWlTSFN3NEdWay1XcE5JQThyOE9Qb1VqM2cwdXlRTzlESF95OHFlNy0yRkxVMEFtZ0lQQmFxLWZzVWh4YWZnOVlZbWc2cjZBQlRKaUl4T210SUFwaWRCRHc1YjROYllKbGVYVWFJSEdTYnE5TGxZMmd0M25LNk5EOVJISThiWlNmWTdEM1lkVTZYcjEtelpyaGJwZ1lmSHJnelU5cVlpN1ViTEhTRml5bVRVVlB0RU8xcjRIZzNHbVJuQmdWM2VBV2tTalgxcGNoZzg0QUNtLTI0NUZ6aHlrb0NlMXNZX2k4dEk4VGFwMWlMTEtKdUpMVEt2cDVGSl8wQmE5M2Frdmd5M0pFdUpNUTBEdVVkRksyNkxfOUxxRlhTUzVaTUxrWHJrVXpoMm8xZktYLXlnSXpKU0ZxcVlpR0pFbG1SS2picUw2RnRtUWphNjFpMWFKYV92b1ZDM25oZTBfM1dtaktfRk95cUp2cms2NGNNZ2xna05vVnZjV1hKSUhNMUZVVk5oeXJXOXlYWUpWUjVxTjl3d1k1bGtsdDlhMFVoellXNEUtYzdaNlZfSk93TUR0TThrNHItNk1PR2pWVVFSQnFzYlVVdG0ySjV0eUpONDd3NTI3MWh0N1pNMVJJRElTWGFpRmN1M3Z4QUtiMXV1b2lXeWdYZVlOVG5NQVVPQTJiRC1GYURqcmxSTXQtZENxdVNIYk4td0FqeHJJM2dHczJVdHB3S3JCSi11ekJmMnRzSFRrMUJnYzlNYjBnSWJzMEpPbzFoVllBeDBLb0JkbHBMSkFIUDF2VzdrV2s4VHhHSDVOMXBNaEkzRnZfNF95SWJpakRtclo4V1h3ZFU0bUpNWkVqcTVXdlAxR2JRWlhxZkl0RzVxQWd3UVZpUUd2dXdyRFpMc1FiaUJ1ZmdmUVVhMnlPSWVzU2Y3M2lUN2ZWRkEyNURndFRpSnZFWG5td3VVQ0R4SzNJZ1hhUDcwMGFfYkpKUGduLXJCcEMyVXZYb2xmTllRRVpzVnNTZm5jaEtLOU52TTd6bm1TcHYyZVZiamNOM2FYZkdBTWQtbDVQSjdVVGQ5bUpLQjJZc0RMcTh2bS1MUUJGa2NubHhCS2Q5MUMweXBtUzh0MVJlYWRrSFB3akR4YzQzSlFnd3dxRzRlZzJqMnpCQURoanBqc2lQU3kzc2tqaWpHa3VNWU5HVkQ0RHlGYVJfQl9jUlItbk9HWWxYM3RvNEx3SDdpZUpWZ1VVWTZRTmNMRXY4ZmxwUkFRTGhnSUMwUExrTVFrTFRNOUpHOXByclJZc2xScFo0b1ZGWWhMY2lWUE1NUXJnNGFvSkJXb0ZSWG1iT3k2ZE5hM1A3aUdqSnpLNmlqRlNFamZtSC11SDYtSUtoTjh4a2FhMGxGMUdKQ0d6enlXbVIzQ3lDeGs0dXV5OWh6bnphcnl0ZTVkMHhoeXFIcjc1ckdUSEdxR1Fxd2pRZnpteUdWdDNFd19FNmg3Vk9tRjc0cWZUdHdoMDdsSzE2M04xbkVUVGF3TUw5Y2l4SjdlNnNLNnc4M2Vmdl94b3ZZV0lsOWZfbWtJRVRaTS1EYjVWbDdzWVJHdjIzbDZ1elp5Uzc0VUVrLTc2NGl1Wm1McUk0RXluUFk1Nl94MzJxSmJ4OFV6T0EybGZXcWxkbkx5Y2lsTjl1a1pnZmItd3VFOWxPWm1pVmt2dWV3aDFoMGxpZXdqQ1FhdFljVk9NdjE3Zy1oekY0THhNUjB2UlNReGROUjVxb3FGbVJKeGdxa0xrY0EzcnNXbHotRl92TmItaUdDM0l0WmZGWVROd3BiZGR6cmVjajVKZHFaTWFiYmhWUFhUcVFJWmRDODNCSUVPUFc2MVdvZ3JEMmNpRVE2QXJ6T01fZGxKaFVyNUdhMG84UlpyaG5yV1J6a1I2anZmRHM2cXdhRENqbFZGb3VLalpBM1NTc0IxZTV2NVV5bEtacDBNYW1IMG41R01WeDdORGRad1BMcmREbC1aUTQ0TWhXd2Ytem5LWVdlR0NuVmZuZlQ4el9uRU0tVnNtdmE2cVJjdk5FdEk2N1hpVE1HUDRkLS1JVUc5RE5GVHZrczhmYmsxS21lRkdNMW93Q050aEhzTkUtamd0UWlRWXJ2SEpKR2hJVl9LMUtXekdkNTNjOUlXVmhnZmVtUVBJeVliOHBaM3hxdEo1UVhYMWUyWG9yREtPYVJFYmhFUGJ0ajRkMjdwLVkyMzcyMTBVem9keHpoMmhqOXB0QUJnT0FTaDQtc0tTbmp3aWk0OUtFRTNaLTFETDVKaWdFSzhiSjB0YUpTWE9hY0VseVlhd3NTWEh1U01xY2xaamxqOG9iX19jVlBWV1hFaTZfYVNJcnNDTHZUM05VVWNPY0d0OFJJaXRvSVZYdUpSa2s0Mm9OSlo1QW9KTHhLU2R0X2ZRSHN1QVRtNUY2NjYtM1owREx5U2NxU1VoWU4tVzFHSkJSeTNPdFctbTRMOW45eDZHRWhvci01QjBKaXdwVW9CX1prQmhnTmhzazJPRHl6aC1jVExKcS1ERmNfRUNEckU2LUFyZ0N5QWtqcHN4bEVSMVE5MkpJTFllVlZlVXRLZ21Ua2sta0JfQ1JJUjZBNGd0U3NTeGR2RGItemZDalp1VzF6bmJJdEtyVFIxb0FnQm1EUkYyblV6Y0J3VUtOeHhRcHJHdF9hUl90YnlBSENFWlEzZUlfYkEtd09wdjJ0RWNlNXlJUFE2Y1FZTE9TR3JMTF8zYktKVjFUbjNuNU91dnRGRF93TEJJeUc5dktvY1JqaWo0X1BEUklYdjlUQ0Z5NVBsa2lqNWw4WGVNSTNTcDFLRVBpc2RhYWdDYUJQS2QzREM4WnhsLXA5eDZTRkxtZHBSMXJBcFlOY3paekRfQWdmd1BnZVJNb2pvMjdHZ0NaUE56TTJiZ3RwYVY4b1ZkRjFwejVjVDRyMWhtam92X2I0LWQ2a0txYXlCb0VTaWRWNmVFb3hLZ3hLbWZpaXZnYzlWYUxmS1NKV1ZpVkFHYjV1YlY0LUpEVk1QTUYxSGR3QmlGQks4RVRMY054R1VWZi1Ga3luQVpVS0pOV0hvOGxSdFdKZXpiOGhaVFZQcU1qSDhqaUxuQUNicTNaVmRYVElLRzhSRktXZllrWEVXY0ltNVJ5TG5VRFNBMTZjSS1xNVNEdkRBdHRGZUM4WWtLX3JwTldwXy1qbTZMQXNUTFl6SkFyUEpOTk5odEVIVHNZWlAxdEx5ZlF0ckJBX3phS05jeHZwOFowSFo1Q3JzcGJnbnZoeFJrV05peXN2Z1k2SDM1dXE0UC1hOFBIVElWUXVyWnNjd1hYSndZdjVUZ2syUC1mSnJOelktV194cm4teERzLTNIZzZBMGtCSl9HSk1Zd0lrTFB4NlV5R3ZKcjFYeEtINVUwNzdKTmxhZ0J5OUgwRmhDdXZMbXhyN2hpVExHRzRQeFdCaG1kVXFOeE1rSWdOblFZeW9lVkZQa3hCY1A3cG45Z0p0SXRRT0hFdl9pSEl6WElrTUVBM0hLbG5Kb0lBN3hPeUpZQ3NhUkxIdkVRZmRXci04NWFPZjV1czBYN0k0RjRibVhJREpjbWFvNm9EX2gtZnJCOVFnRllubFlzbzI4bXRpT1ZfOER2ZU5XdXY3VFZlSDI3c2N5Qy1LWVZncl8zZFF0UHJ2bFQyVGxBbnJRVVRIYU9WdE1DU1RzRkxNSDdKUnhoWDNwNWZaUWRiUW9hOHNOQTk1bkp4aGsybTA3RFBIckJFQV81M2xrN1p5cVVESFZ3NXllYWFkNURuaWVVaDRSbXB3cWdnejMyeXd1b3BUV3o4QkZZRmZPY2N4azRtX2Rya2NGQWdTOUlEeVZtQVJ5UEtidmxUbXY2TnN5NDNTcXNxeVVPT0RYeWNQTFNBRl80OF9uNjJucUJlejcta3dtWktwN081MkVvM0tJc25ja2hIQzhjTDNKY0RSVkRHeTFKSzVfRU90R1otell6alNSb0pqNW1NeUdXZ1otQm1uR1gyNV9BVElHRWM3aktKYm1HbHBscy05TG03aXA3dnZISmlLZlNEMnZ2c2hOd2pBVGZucDc1YjNMWVRwX01zYkVTYUU4SGRrVTc3XzBISlQ4ZTNwOGtOdDd0ZlVHX19LbHNhN2pYTFgwMXpDUUpvUzFqaXZwTzRldXJfU3F2cmdxR2t4VU51YXVNc2ZVTHdsWGdNU01DZDZieFNrem1hZnU5OGpkengwWE1RRTNhSGJTOWI2UFl4b0xTNGo2dDRYV2lTck8yY1oyaFo2TUMzTFlTd0Z5UE9HbVZKcS1CSVFaYTItQ0pfbFlRbVJNUm9qWHVRUkdQeVZOYlB4a0NpWXFSLUtNSldKalZIUGdDQjhVYlVmRU5vbGZKdDRTUmhrZWN1ZlVieXVaemJXOGEwOXdtVkxjZWtFMXNRRFRPSFB1bjBFbmhJM2dBWmpMR0lSQk5xTXhmZU1Ya0FsTms1TFlOcmN2Q0VEN0xycEtFU3U0NVNVNk9Cb2VyYTNkSE8yajdsVFA5SEJtYWFETEFScG5GalYwUmVjR2oxcVBmWGdkU2dMOXRidmpGMjBEdTVUWTh5RnRvVnIzSm9zeU96SWZUbnMxVHMwNzBUZ3JaQTVoWUdtNnR2Y2twdVJxeENTYlQ5emdXYmx1RWtqZXZTaTAwbjBkWnp0VXRSeHJ5a011Q1d1aC1qem5XaWNxU2U3RXlpLU9FdHN4UTQzaTYyQ1lRNTFnYkhSYXMzMW5SYnRzTnZ0U2pGWTBrVWs2YU5hU1I1bkpWX2RQUFlPOUpqZjVuVE5OR2JTUmdrMmNITFc1M0w3d1N0WEJXVHdpc1ZPVC1XZ21mTWN1a0NhXzEtU1M0RlBZeUJQbVVsSlBvUVZNNkhmUWxBOGVGamVxcTY5TnM5aUpyVUY4SEZjM0hNcGo2TWZuaVBtRjNsWWMxaVU3WWY1cVd4RFdsZG9sY1B0cUxnNGhLenlPdy01SWJTRjItaEVJWkxKakhERjVhQkM3WU1NbVdETnJJOW9neGFuM0s5Rl9xRHlLWEpUb0lCdDBaOEZ4WDRzMDZMVVhPS3ViMmt1UjU0b0RHcDczTWdHZmxRYmJIZGRQTmdvNnVQOFhEU2dTWDV3c2JBY1RqYmU2SGd2elhxa0NkZS0wVnRsd3haaTE2d0VDWVYyMEd2MG9UVXQ4V1Voai05aGpMVGk2ZGxKYXFfdmVJeTgwa0kweGZHbnEtNldXYzR4NnQtSllTc0JFMzh6ZHRKQTdGSkZmVTlpNzBmZnA0WXF4ek43T0ZrbnpfN3lSUDQ5ZFlxTnc1STFPTDZsRHFacjh4UjRiNEtDTU1NR0pGYlp4cG9XSmVsX29DZ0FHUE5xajlSTmNucE1XRGFCVU9vMHdhLVBVdno0MlZNcmxLd21WU2hEcjczS2kxanJWa3BhUmNKejdaWXd6X2RrUW1FOG1Hb3hjQ09aTmdCaHFUR0Q3OGlBdVRlMXFuc19UeHZhWXJQNjktZ1pmM05wa2t3ZTlCdW9odF9WcDRRa3ZrVVR2Q3ZuVFNfcThvYmdpMTROSnZlZF9vNDA2NE5feHJSVTdSNDZ1czV5d3VVbVpFTUJrQ2lBMkFDWGY5dnVpaUhMbkt2Zlp6a2tfZ0dMSWdlaDJGNlc3ZnFkTmVtM2lkd3hGTEJmMkdCcmVrNkNkUDN0RDZXcnhxNk9iVkNuUzB6dWVjQ01qbzRZZDVoWlNyVFlpb3NVYzc0aVZWcVFRbElNcG8wZWk3aHBWRnkwMUdFYVgxZUZzV2ZNa2pvc2FIVVRfNFp5elZYdWFjUWR2clI0REszYmJaYmpGMWU1LXZMMmJ6Z042ejdBSTVhcHpLNFNOaHVhV0RSaW5HdDlfa1h5Q2I4S2pudHUtbmpFX1djU3dGLUFGTGNPTDVOT2xleVFEYjVFYWEtOU51aTZ6SGlERXhXWUNWUkNmRTR5Sy13STVqdHpid3ZEMlkwRmw0MVhIbDYwTlhvdDlmSHRaejE5VXFUWUR4aUVNRV90YjY3QVY0NHg2UGdONWd4VmZsZzQ3MEh5OGE4bmlyMmRwQ3BBa0ZaTmZQcVVuSTlyLVhkRW5sekVVT1Q4MUUzSFNVMVVpRThJNGxrWVdFYnBGLXltUEkzcEJWQ1p6dW5Rc0pGNm1hbGFrR1BvT1pDRUpmbEpsY2FPTXV3bWVqS0lXeUt3ektNNVR2dVNsdUo4ZWdvY0pNaVBhY2k5VjBFMVNhYmdHVk84WS1Va1VERFNjREdxV1lveHZkQmxka2h0UDhLWUc5V2I4TWs4VXg4bGxSbm8wWkZBRWJWb0thZmtqQjc5N3V3RHNENDBWaFJtUzN5ZGxyVkYxSXFCQTRVWEg3WTRDVmQtMUNSOThvaG5lcUJPUHZjcTBaMHd2MnpLZGQ1SDJJQ1NycU5sdDlFeW1iRUhCb3d1TkNzYWFIem5yYlVkVHNIelM0dWRtakdSLXB6RV9lNlNBcnpMN0dRN3lyTkZBT2JlbWtNQnZUVGprSWJ4MUJvd01LeGlxSVZ6MDhWbEd3c01FOEpaV3FtQ3A5XzVNS05uVVRpbExpYXFZZ21JYVZ3UFhlRzN0QUtvWkttanhodUJEajEyQTJyME02TVB3aTNyS0d5OWozUVJPckZQd3lqU3hEeS1tc2dSRDFVM25adWNSMFJRZGlhblhBMVhhY3gyMDBTTDY0YWl6RndQdU9id1V2a3RTbXM4WllYOTFmRk5hSnFEWWZQbmdMMkJDYlFYcWoyQjRPLWVodURPcGd4NmdkZWNZcTBLekxIS2hHWnlKWGJLOHZ1WGFULUdsYWV4SUdCc0lRQ2M0RC1jY0ZJVDVTd0FKRmtDQ1BieFNyS1FSTFY5bUNKZWh3MlItRzA2V3QyQ3JDMnZxdW5tNVc0TlNXdHFGaEVLbFd5bWh0V1pvaEo4WGxlNVFBb2c1cEV5d1Fid1pleGQ2WXZzVTc4TDBpX0pyOGpfZ2N2NlI2OGxXZ2J0ZzFiNHo1YTdHTEtVT0FhdTZKZ0lkOVhXNzhUZWNMSG1JWlRnY1N4dWk0MDlLZC1NQ284ZU9nckNtbUtGb3Q4T3E2SnBvbFNWUXpYQ2F3c2YwSU5BMXhfQ09hclplQzNZXzcwMFlIRjNMX0NvXzVRMS0xaEpNMktpQlNYZFFaZmEyXzZVekpLZ0FIV2YwVTJZQllYX3hCQjBkRTNRUzV0UWNaOEZRVmZUSFZJTGFzSDhzSzRPcjJCbFJKQmxvNWhDSHdLWEVzaS1UdzBqbEdDUzE4bGxJY2g0bTIyMXpBbDVtbEVhWGxUSTJYWHZuQ2t2bzJuQjVVaWdDOGNMbXpCV2NkOHRWakJSc2JFN2d6ZVM4amJLZXVHV0VTMFY3MW5nMk1fZGxCREQ1U0c2MEJSZHdtS2NTUzVUblU1Z3oxejN4bU5FcEZsd3lpcy1ybHZOVjcwa2pGV0tzQ05STzlTX2NIaUQ5Q21Gc3V3cVJ6TEd4RGJrdTJqNjY3QVhnOXBrdWpBR2hiVldrTDZQWGFCTU9tRW12VGJhVU96cXJwd05tVUdseFVKOXQtMk00eUFfQlVNY09zRl9WOU9oNWtJVjIxVXdNXzF1cnhmN0NTd0VKZnFrSm5faXVlOVpYNkliMmotM2JFUWI1M1Y3QzJHM0pwN3lteVFPNlYweGZKaW43eFUzS0h6MkUzaFlTbWF6cTVhZEhvYlZaUHdmM3NBQXJBN2hBVGVmSVFpdHhjRG5ENlJ1R3dfRTRoSHEyU2o0T2Jqak5hYWV5VDk3Y0VQdDhUYXBvOWpEbnhQU2t0Wm5xUGhkTE5ZZDRfOWVaZ2pMZDd5QndUenM3MUpyOGpOcVRiVWtkRnlyM016Z0xuamFDY0pQeFA4NkZBQ0JsNmFYS01ZVEtPWmVJNFY2enlnMWZRQkNoZHNGRlBIZnJIS2RyeXlERUh5SVdUaDQ1aGFqQWYxZjNPbDRDVFJkRnYwTVlOMFhGOTN6V1JKWXhhb1RDU1RubUxHY0IySzB1a0RsMlVNNTRLekgydVluZGVwSjlVMS1ONFN6YlJLdHpkeVU3TldBYXBHQ3FGMlE1S011bEcwVGtILWp1ZnQ2VTBjSFpjeW9ZSmgzS3FxeGJuSVBGUExEZDV0SW8wRFlBcUVCTkpGQ2N5Z1VuVTZqY3hJYXp4RENka1IyVW0wYzdrS25hZnp2TDlHbXY5Sk9yVF80R0g5QjNKSE9RQkt3MGZDQWdPMF9GOFNGVm1veTBzbzBqOS05YnE1cU81LVdkZmlkNnNXMWx3ZlhPSTRlaXBRbGxmaHBzZ2M1WUl1QUlxQTRybE1iTlhHTU5OZGlhZUR0c2g0bG8zN1pJb05RUnFZNFQ5ZHZiOWhaMllrZVBobHUzM2VualBIUUNnOE03SDlLeWZJUUlXbkJpZWVqNVhGVWNjYXVRU0ZMVlF1emRKZDA5b3ZaUm9Zbi1jVDI0azR1dktEeXNEeGE2OGtGdmNLVjZ4MHRhSTN4al9sMXF4NzNBd1VHNkQ2SDVBeDdMaHJqV3dJbWk4eGluTGNNNWgyNmhiTnJackN1M25yaWRjVExQcW5HUkdGMk9abXdFS0cyNmM2bW91eXJ1alpZRUlxUi1JZ05WdDA4Zzd4MkV6VnlNUDVCQW13TnhTVHc3X2FXcmxjd183dUFFY2ZXRm41ZGxCN0NXTnptRXRINUVOVTVkcWFrM1E0alZfaTRVUGlmX1ZvdXNBT1RyUTJnTGZiUTk2YjlEckE5WWlMenM3MTJOX19UOVk5bzB4RmsteDAzVHFOMlZ5NHlqR1hFU0YxWWdDdklNVkI5U25jUXFEUW93Q0dSX2htWUd5TlYxdVF4TVNkZXVNalpuMUxWaVFFdklCVHJDcGZLT3NzbG1WS2xiT0l4NmtHcktHZjR6VFVnMlI0REsyZkxiajhSMHRiTVpVVXFPSlhTRFhMMWIwdkU3TjZRSzZIdE1hYjhUdHBzRWhJNG5nUnNGU0l6bmdhQ05oZUtLRXItaS0xZ2x1SHhyWWtYd0kxdWl1aXZYc2ZwcUNIU0Y5YWJ5aVJSV01ZZ0FPeVVrOFNDVUZFdjBGLTFrUGNDWkpkbS1SSUVud0FQTlBMbmlYNmlsTTNrQVBHU013ekFJOW1oV3RXSWFIbk1WeUVtSDVJdllrdF9OWE9TMHd0SDNXYk83XzZNQ3JLNENDbGNVXy1jazBPbEl0N1BBeVlHS3c5bE9iUUk3NHJHZklGcHFwYi1uUFNUTzVBbm9oZ0MyY2RKOGFJWjVMWGdXMlo0ai1oUkhGcElPSjhrZDlaX184V1dWNnc3bUFLaV83cjV3dmV2Z2psanRZRUdia2xaWjhJRVQ5SkZkb1ZKelQzT0pBak5aLTlSZnFFLURIV3duSGJvbUdsbER5Y3FEejl3U25CenZmcHphaTNBOFBQWDFnZ01MWVhzUnBYdE9PVkdKZHEzV1Q1bzl4TWwxSXBvd3NBOGR5a3drVmtueUd2bF91WVBGWjBMMmZFVHlFUXJDWmVBYUwwSzdSNWRVNklQVWlMMENIUXJ0WmNfNEpaS3lDRGp4YjRPWGNuUFVNVXJsZzlHdHlpQ3Jaa1YxZmlER0ZRdF9pQkdxSFowQmJ3c05pcWtnTE1aZlhENVF2cWU0SGJqcFV1bWxoNXNCZ2ItRFBNaml4MWZEWVN5eFhiUWQxdFhmNEE1VU9UXzVJNnhqQzA3ZTF2QlRzZnZsbklPck1LNHhzdE1raUtvT3I1MFdWM0tYVkQ2c2Y5TjVCREJMSEIwa3dLbHRrenlvWnhvRmI4V0xHUHFHclByRjRnS1hUcmhRVzNUdl8wSmlhT3lhMkpYakh1dzVaelFSaXVJOGk4ZWxHZ08xYU9NSE1mQldhaDNkb1g2X3hUYi1xcnlqUTBPX296Mmh6LVFDdk50UU1SNnJSaFRYYzUxQXJ5Z3FLT3h4UDhGaEEyTjVzTGRjaFFFQ3VkMVZuQlZXRkZTeWJRaG82aWxzSzZ3QXJuV1JlTXUzUml2REowOFlXWWpqcWFfQWhPSnhVTmR4cUMtSDJBc2RiZ0FqdGgyZFEtRXFBNmVpN09BZnFiNklKX0hWbERxYWxwc2FUaEU0S2dJTW5pbXh5cFBPd1QxRnVXWms2SHRxWUkwRU1UcExUcUZBam5GX1dfZjVaYUN4amJ0QUl0RWc0b3dnemtYMDBoS2VEdHI2UlJNZG13dUVwQlQ4bjNqX1UySGltcWF3MWVWTUhMcU50NHYtcXFXdDcwODh0RTQxajJqekZvTlNNdmJ3NFZhS3BQV1ZJSzlOX2V0dnRTNXFyRGQ0bUY4dWlmNGJJclZXX2l0RU1wRkk0SzU5R2Y2ZFVUZGNLRW42dzNIZXRrTElWT19hOUFjWkNUaVdib0NXSklIZHFaSER0OHpyS0huSDFuRGJNeGFoZENMSDloeHVYN3RWTndwV3o1M2EyT3dkTzdoWDBYRUhuNGNlSUZkaEpQQzdhbnU2QXZYRHJONGdHWHpEMXFoZDg5cVVMaGs0UFFIVDdnSlJzN3M4aDdrdnA0R3p6aS1iX293YjJaZ3RUaUpnMXdZbXUtNG03cUFjcWxNNk1BV21FZTh5Y0xmV0NsMVp5MWdGRFVLOXVzVHdEemZ0SFgxNjc5X25Lamp5WlNyQXRod1V0R1lJUFItdENjeVNSckJDNnBORTdxdG8wa1lfYUxndEdxNjdfU2hFSmMyaVRrb3VHX1hpNnBhLUR3eWxzMHRqMmtnMzJKSWtON3B5VWt2TnBwY2ZxQVZYRlQ5N2o0cnRzaTU1OHduc3dkMmpMTExoVVROUllxRXRHdGo0NTFROVJoVnBnNE4ydmt4WUtzaEpybFFEcTRYMDh2OVJjSTdGQ3oyUnp1NmhSajdKUElmSTY4bUhtcUwyYnlnOUFsLTJCS01GMFNtSW1wMFlJVVJOeV9ncE9IN0paWU51bUpxS2l6Rmh0U0pSVmk2U1RHYUFrQ2hMV1RyeExERjdqWXpVcVNLOV90bWhHd2FDU2JZeFNIMUN5V2dDTEJHaVJ5VEVHRnF5NkZWWkZZQU9wbEluYlJCZVpLLWRDaUlQdXl4ODdQUmRrbmFhSDNCVFZKMzRBV0U3eUx0ZG5PU1hnY05OWFFzNjlvdjlNc0lBbl9waklyVkM5ZGVQZG5zRHFCclBydXJKU1A1UXhSWUU0bWY5V2RpcVdPekRaaEVPVXF4dTlrZlFjbDljYmJjc1pacGg3endkd2NzekpUMHc3WktpNFNtaUxSZ2hmWEFDazlXX1ktX1NGTlBJdkFVMHdPZFBEbzNlYjlzYmNjZnk4MGhHWk43dTd0WlVsTjd6bGFmQ1lGbTlTdl9JLU5ZWTZKemxrQjRiQ1U1VlQ0OUw2ZmhRRkhSWVBTME5EX01KRTR3YzF4T0MtZlNmSC0wMFZZekx3di1mZHZndjJBOVcxY0ZqNWpoWnBWMHZaSkJ3TzRQcmEwdmN0Ulc0SFMyQmdrQ0c0YzhPa0IyQ3NUblNJOUFYSkVpSlNMaVR4bXU1d2gtWUwwOG9BMm45SGVUZExKd1NMUXNlVlhZYjhPZC00c3dINm5sTFN0R3VPaFZVczY2UW9PWGVOQjdjY0FvX2JkS2NpRDlBQlVhNlVualR5OGJualcwQmlzUUFTV3J1SHpReXphNWlaeGtiUEctMHJ3V2E5OGx0cmdVSlNyZnVmTE5MNklkUFhvV3ZmQ2E1bi1HVkpaLUFEdHBtQkk2ZGFXNXhKVEVvS0JlQmVRX1N6TElZcEU3V0lBbmR0MU9EUDJGckxfaE94WVV6a1FPRWgta050dnAxUXhkbE5LWVl3WndhTElyeGM0ZTJFN1BYcmtFUGo0MWhkYllSNkF6UUFaRks2OVIxLXZMRXROVURpaFg4N2JISFRXOVBUYWMzZjd6V3k3ZW5Lc2syT1VlaUVUbUhiamR3SWlNUjloVkZJUk5ncFl0TEtiOVlwNE44eFVxZllRSE1uQndZdktNNW9XSVBWUGpLZWp1S1ZpMWEtYjBGMXozSHhMbkZxNGdINTdYUmNKLUV2cmROSUpXN1ZxUF9mbUNWOVN4UE42NnlPZl9IbUNkNHJrSXNpbWU3ZHltWk11ekZsNkl1Nm9FTmw5aDRNTkhic0RxWFBBWkdxVXNKci1qNVMyOWpZelY0ZnVwSXAzMWJTSUtUNVJhT1lnRXRZdERIOTdielIwRXhrYks2MHhieDdiM2VPcDRuamlmR0dtMkR1V2h1SXEzTFFEai1DaXJjTjhJdGNCUHpuZzE2M1VyX0lrQmdVMjRPNjNiR1FiMmlGZ1lEOWdOdnVqYXdodTlNWjVZUXEzYzNtOHVIS3QzaHdZLTl3Wk41TWQ0MU0wbjV4ejRHNkFaWlFRdjA3ZnhTRGFfLVVQclNXSndQSVo2YkN6c3lqRFQ2bzYzemotWHNpUjMyMnJBczRfSG90Q19IZ3FTTVVkZzFjQnc2SFo1anhVVUNqeV9WSHc5am9XTFBMSUs2Z2pKbmllWm1qYlNqUVNEMjZDTlRDdGpTWGNQV3U2eHl6cjg1SURxS1R0bXQ4NkJ4NWFKZDVDOGsxdFF6NE1CbDd0YjdBMUlWVlhPSERYV2x2aVJRSEpUS1Z5RGNSSDB3bnJuTTN2eVpZQTJONjctOUFlZ3MxQXlEOG1HM0R2Wk9uT3V1YkZCcDNyMERTbUJ0Y2NHelVnX1M5dDZjbW5uYlhrak92dF9zOVpkUzktTERWdURfWTVaUVpZODZyNG9MamZtdzZYSWFPUkRNV2d4bTAyNkEzUUhST19obWVycFdHendlRDVPaTRmbHp1WHE4ck0weU5wZmtMUF9kVWRtcmdORHB1STNGODNpUF9vazU1bU45N2EtTTJSczRnRmFBSDc4aU1uWl9vY2RSTHY2OThGTUhwZmU1UEVzbWNvQ3Blem9Na2hSU0YzYUxNcnFramJPWE0wYTRtWW5NQ2JSMXRYZUNncFA3NkQ5WkRobDRuTGpkLTY3TDc4S0VkV0puX1RfZjUxazF1azEtWFhPRWNjOWRCajdrYkh6UE5BbGFwZno0WkxiNnlsWWJjdmtNVTJRbXRvcWlmTkNOZGNiQzFEdl9GUGtPQVZMZHladnREd0J0bWdEMWVoM2xEUGstSlRlMG1jV0habWxZOTU3QnQ2aUlMRWtKQU1YRW04VGd4TmFCQ3dyVWJ6YnluQV9Xbm5EbjhVdGk4UmJYakt2UjVhSllzUGpmNF9CWDF5ZWcxcnZkcUNTMWluZUhyM3FXUHljNVZxbkhVVkJnUHlPWHQ2eTl5TkZvT2JNemRPMllBTFZKM2VndW1VbWhETlVUUXplaXhUYTBiSWhmVkttRnBFUEt5YlBra3RPWEpOVE5OYkFaQ3hJN1V1RW96ejRmMmEzWWctbnZWX0NfV0h2R2c3UXNIdGMzSTdoVVJBVGlTbWhncGZFZkxjM3R2eFhiZVJuUGdnSmQ5UUJfYUxFT1RJSUREanJZZmhpWmhUcmVnS0NQeUtmSUFwZllxSUp2ZHVTVFdtb0ZXSzFaN2N0VXNIMGI3TlRNeXBocm1oc1pYLTRvVUREcjlWVDlWYlMxYTE2UXdIZDhEWGY5aUNadkNNN1BCYm4xVVhjcXdVNUZrNzVQVWxkQUNxTmR6Wi1ubjNMLUR1ME5vTnFERzgzNjNCN016T2dycENJUi04TDd0MUNpdm5hNVdJUkl6dE1iZlhLS0dkeEJTOW9fZERjeDVHaUR5eE00UGFScks2U0RnT296TGF0M1AybVFHVHhSRVdnRFlKcGpfalJodkYzMjdaZ2dnVE5HaVNBSWtLQ2M0dUNlbUhSSy1FN1NXWUxVT1RoRUJXdUtfQktrSlVIbkdWYzJwYjFhdkRzeGRDVWxGMnZRNHJQY1pjRGRtMjVqbnNFZUJLRTJIc2ZsUWc5b0docGxrUkI2VTFDUXNKT05tanUwMEFtMGZHcTYxZnBmSXhEQ1EyNTNXSWsyY1M1Qnh6MmdrLThMcjB3Q2JOZWEycTRPR1FVcmI2NzBVOHpDMkZjYzJDbThaTDZ6N2E1aHlhRC11dWE3VjJQM2xrY3pUWUhOalRqcC16N1ZXNTFvaDZlOWNsSnFBYmhwUTh4MXRGa0pNeXpPQkFzY0NwYjFpaGxRODFzM0NkbmtQSTJfaVA4MHFBMXBlcnFCMHlrRnJYSm9TcnFEZ2dZSjVTMmNMeFNBWGRyX1h2cnAxZEw1a3dMb2RlcmVuSEQ5LXlQNzFQZnNKRTJlLVlveTB0OThJbXlGdm5pZFRSQ1RWVkhERFdUa0p4Njd2NDFVVHRFVWREZU5yN0swbjV0VGFNeTJOdmVOaTc2SFhfWmhHbmdBem9HV0h4eDlNX3pEMFhQLVI3TS0yc2otRWk5eGlEWW1mbERNa0E3YmlOUjYwRTNUcEk0WTZ2dFVoYkx5OXl3eVhlaHYzVXh5NUJqSF9ldkVLS0JYUl9xM1VlZnQwOGdsZ1JXUkx3OWh5RmRSTVNNc3VQb01BOE9zVS04Ykp4cWg5N2N6eWlSTjRaZWlOY1YweXNkWV9zblVBMjA2cFJ3R25mU2E2c2lQcmgyWVJ6UWRZYUNlaXk4Zjd3R3EyS0ttX05GOVNRdHhmb3doRHJSeEV0am5Oc0plX0d5Ym1sTXVIc2NBWVlYbmREWHlaVW9UVFJWc3BnRnF5LTQ0bGFGcGRmbmJDTTBhc0t4dTljRUZQTEstWmdoNWtkNmd0aUhSbi1tR2h3Z2NoZVdaMmlkVlItNjk2SGdMVmtURnZ2Y3JEVkVySVRUX3cyOWxUbWlvZzlGX3Jpc2I1RExjSUhmSVlrQkJBSkFnMk0xQ1prQWJ2YjJXNDNRRUJCckhBeHUzNHhCOFhtR1JlVm0tZ0JKS21vZklEX2ZaLWZKYkZwd1FKblJFMXFvUzNNaW8tNVVvZE9zdDJxYWxFLUVZZGNWRHZDZ2thcERsLUlpQVF1VUVmU092Q1lOcV9MMVZLbGJBVEFjX0MwT1drbnJtLVV2WVJ6aVFXSHNDV1BSNFhvZThPZnJTUWFQT1gzNEM4Qy0xUEFfMkdwSnNuMk5sRWprTlI5eVFlTTQ2YnBERHRVMmhTeEVZLURlRXlSeGhUaXQ1UWRralUxMlZfWHNvWXBuWGtjTm45N1FhekdHU05SekMzMTFISFFVcHN4WHIwaXdFSmRjU2IyOVlEMG9VWlgwVzNScmV6UUUwWWxLT2dOdE1BTThmMW9JWUR2LVY3dnItTXFtc1ZSd3lLTjdFUXppeHBWX2pfQ0UzRm1VSzlMb2tEcWppX2F6dEZQR0Znd0lvWU1QbXZLeElhOGdiajRfUEJabkplcjFTLV9WeUlieVJBemF2Z3J5NmhORGdzdEk5dmtZZ0RBTnk0MEhVQVNmcTRIVDFuZU10Mmptdi1jWlVCNXRPU2tacDdSV1NFX0RTdnRDOFRPZnZjZDEwMXVaZERCdTdGemJ6bHo0SGlBWm9mT2RCWUNHOFNZeUhmRE83TkF6bHRIMllZVnVDQWNKREtjaUFZV0ZVWHpjaGRPRHBCUm1POEdHeWoxMlJFRkVoa205VV9MU21VMzVmWDlMSzhmNGVtSzd0U2Y1T0MtWEp1Q1J5RG5adjZZaURQbWFndldJZ1JUM1hfNFNjR2tjR2dGNVRsQXgtRk02ZjV1WGxhbnVfRl90cmRhbW1EdHhXaFZKQzBVM29yb2pZV2ZNRWI4S1JVRHZxOUtMcUZnNzk3X2ljMURZX1AxV1BXRTRaa0FPTWFIeVh4SHI4Y2pPYnpGRFJqN2V4WFFTeVE1WjBXTTZPX1cyV2hWUU5TUjhqcTBZblI5X3F3aHZhZ0lkanNhTS1uTW5wdnNCSnRVT0YxSmlUVV9hRnFBYW1EbkJKR3hQWGtRbHp2anpiSHpsUHR1U1hOWHNMWFRFYVRtTGtmbU0wSjBOeC1zakVMdHd5VF9ZWkFEbmFQOXJ1ZFZoN0U5ZmtMeGt4c2JNUTRMb0ZRSzYwRmF0ZGJWU1YxVUM5ZlhTa3VHZmgzM1N4ZngxWVRzZ0w2REw0YS15YWhqRGpmMEQ0eFBkenQxdmNZWjFGNU9nMHMtTnphVkxZQnBJanFOWm5QbnBycmJPcHMtN0I2WElxZjFCcW5fSmlsMnRzWVM2YS1vVnNWajhPaE04UEkyS3dnRjQ4dS12OTByWHdlWjl0M1ZOSnpxYi1tVUVkTnBPSEZDYUJkMWlEUEFwTFNDMS1GMG1EYlB4bHRpaWR3SUYtbmFUQlJqYXVmQVNXQXdWTGR4cUtmSTVTdEdIQ0M1YXB5SmhKclJ2TS0yWF9kc2taNTgtVml2WVU0TXVGV05ib1NPZ1hCcTdFMk01OGFHMDNRb0hjWm82Wi1oLTVjWlpKVHliaTRFWThvZ0R4bW1xdl9aQVBzT0JNaExKNHNnVjNqbnNjNjk5dGxuY3lnY2FLTDZVUHVGZGliTlN0MktMSmQ2ZlltRmFtSng0MTg4UHdpellaUjVDc1BDaWlJN3k1Wm8xTkhOOERmOWJzVllhQnpiXzl5MWM0NENraERWM1l2LVhidklabm5iQ0JVZHk3RVpjMVdHWEVwQ0R2SGVQbzBiVzd2NVk4dkRTYlE1RENGaWdETUlKa3RVdjR2U3lSb0dsNmZiTE1PMGhuU3d3VFcwV0pwNktJPQ==
glyph_question: unknown
unlock_message: ⟡ unknown1 unfolds...
valid_hashes:
- bf552ecb91caa6786a8122d9d512b9b2e77fa15dcfe7d9075d5e5c56c1ff80ba
