concept_file: Lotus⚘_soul/unknown2.md
encrypted_content: Z0FBQUFBQm9maUdZWUliZjdzSURjcDB6dk10cHZHdlUwTElQbnRHN2VuWDZHc2tyODN6NjBjZW05MWRnODlkZkFySl9IcENPc1BIZU91MlJXVG5xS1VMVXRHUjNra1hzYlJITGVDQi1DUWU5MmJacVBxZXZQV2ttclI3WU15ajd6cTJhS09nOFVadXdUTmdDZVBGaHA0anhYeVpVWDNNVWRXMlRGSFQ0Nk9lZ1p1alVJdjQzbi1PS1Nveks1MFlqQUlGbUdoaHMxWk9JWHdFSmEtTDZEUHJMTmd3cFZoVlJoSllVOFZ0bEx5VjVvSXhCc0hLWFJzay0zQ0tXZGJ2bUxoUnJlaDczWTltMFUxaHkzZXBWNDBCNHN4VFc4MDJTalRIUWlfQkdJWGFWRm1oRUJLUWZtM21UVXhQY1B1RDhRbmFyZGcwdTFLTDBjV1phZ2NTSWkzYXQ4YzFZaXVuN0g1R2haWU5rWnpMajdSdmQ3U2Z4dHpYNzhFWHgyUTh3ZDJFR3BfX0FqeTdNVlFCOW5fNGJZSkdTTDNqT2ltYXpmc2NVUlB4VUY2TG12ZlJrbE0zNk01NThSZHc4emZfdF9LbE13Vi1uaHMzRnZDeUxBOW5XbS1jdnRucHFpak13LVE2V3kwQ1VrTUpWN0NjdHFrUUVaMjd0WHNoZDFhQ1ZiaERtVzNQWHFUWmRPVnI2bmFianJsWmQwQ1JOZXBLT2VkM1VUN0hfLUZRRlJuQ2tzakV4Mk41RDNrVTRlT0ZRZmIwSEpreHhVYS1QSXF4MHNUbE9MWEVOV3pkU0RacjFwUS16Z09maWRZeWhZdHdGb25IRDVZd0ZXTEd4RHh4dUNmZVVENTNRN0JHUHQxQnJ5X1dlc3JSc2pnRTQ5U096a2R0QU5wWjFOYUtyQWZtbGNYZV81S1NRbWlIS01FYUExTF9RRk9FRUE2dUd6bUpFOTJZZWdGYUhaMlRXNURrd1hOOVRWbHB3QkVYdm1MOGk0ZlUyU3QxRUg0Ulh0aWZiRXZTOHVkWXZxREcySVlRVkdvNzZkZU5zblNYYjFzQUxJUEtsdHRoU3FWcGFiRDMxZHNBR1QtSkRYY2RqcGlRLVVLaUZ6MkNtMEVmcnVnbkYxVjBzSkZjVndfeGVuSVdON3NZLXFmQ3BSeHJ1N3ZIcmtDa09SdUZmOExDRklOVUc4V21VNFNRR1lnUDIyZFBhRTdHYkUxWTRvTjdNdi12RGJCNmdIOUdDX0YxSExpU0JhaTVTeHlKTVR1M1RTOW1IUDhsemNBQnZtQXRxeGZUUEJFdzkya1NUSElIU0xRa2FUWEltZjhZRElVOU5rME5SMTJIb2ZHRk85cU5DWDhkWXY0YnptaURJLUZsMElYZFVycUZTTDd6blUxVGtPYV9ob2NDZ2ZsNzBsbWdtT1FSVVZlMmM4RFJLSWlaeU9ZR0k2Sm8xdERfNlNabWpJbFJrNmF3bXJaNW41OEVwSHJCZ3cxMGJmZ05WT0Z4SHVqWGdEa3RpMXc0X1VxMWRMQnJZZUFQQjJOckc5bHdnNk45WXp1UXVDcDVkNHc5UGlNZE1hVWJCQUpYUU1IaXUwR3Z1Vk13VnBQem9WcXV0NzhDZHB0Z1doX3VOZUFuSEE3UE11RXVWTEM0bTgtR0dmMGgwSFd4aFU3OVNVSy1tcklGYWdJUklXSEtvRUwtdHVlY05pbFhwT3cyYU5vRjBZT2ZyVVN5VTllbHBHQVk2MmJrV1JzRWhZRTVscG5wY016dVBUem1ZVDlmdDZkRTE2aW00TWdCUEljRG5IOHR6RlRRdHZpV0VjNEtVYlE0ZmZLYUxvNHF2Wi1jQllXR183QjJfTlRRT1BoWmpvUldwY3c3TUpyUnBPMjFnVENUb0V2TlExN18tNmI5SXZrYWUtUC1rb005SzhKWnl1WW5hX3hMckR6WV9kR2tadDR4d0Y5djNTUEF6X3RwT2RHRXVvbWZtdFAtR1VYbWMtYjQxOHRGdnRBcFJ5bzhDMGRrQ1p6eEsyQ0RDNkZ3aGYxSFROSnY3cVhzMFdYa19Gd3hfTF9kN1QwV3BxNzdTU0RpR1NZMXlJSGlwa3dxUmhuQzFiSnM5S2dsMzJPQ3hqOWltYjk5UVFHaXFuVC1JaGlHc0ZwOExUbG00eEYyV2d6eWI1c3ZLbTZjUmZqZ0YwLUktNDcxaVBCQ3lkVFd6b3REY2I2ZldWendlMWpVMXJHdkhaU21aSVZnZDRPSThiclJXUm94VExGSDh3YlFiZTdIdklRbEZuV3NRcDkxN2hSSExnckdkQmhwZ2RmUS1OQUdkTWdKeHZUUTViQzFubWdsdzJyUThhblZfbV84QnBXVDhQc2haa0xqYUdpTlhWSlJhTmhzejRRT0FkUTB2c2Z3TFJmSW9kWnJab2JWSlU2Rzh0aGJxc0pBTEVWX25tR3hNYVRuSklTSW41ZXBSVVh3aXFuZnE5OTlqdEVDU1djYmx3RTdtV2NXU0FOc0M2LW0wTzFwV1RuUnE4S0QwekswUU14N05TaVpGWWpfMXNrb2hDZ1AtakV0ZHVyUGUwUVg4Rk4wVUh1XzI1dWljMk51UllLenh6WXp2MzVhYUwyR25LZTlzQjRHb0I3ZXBjOGN1aW94T0xwNXJFOUV4TFNYVndYUWV5amZ6Yk5CMUoyNmFOZHBGZ2hBbnVBQ1VPN2tGSHZDVHRwUzU5ODJRQ096LV9Sckh5ZjA5bGptMTE3bHotVWlnUWF2cTZkM09DR2JqVHVhN0RYUHVaOVY0ajRGaldlUDhJRkJwcFZ2REtTRy04VkNrMmxfeEhsNnRuLWotUHVlR29MUW04SW1OaFo3SkpzdWhxcHZ6RHc2WnVyWGVPZGZ1SHlQVlpRUjlkbkZ3cWMzdVVMbkNadkhXc2lsbE50dmY5bWhaQXJ6ZGJUZnhsZ19PWjZFZVRSNGYzVmFxTVFFaTFDUjZ0MGxyTHB5VXZzMklCYWhQSnRrQzZWSFJORVBtc3FiUkFxSkFRWHFTc0pLbkhUaWlvc05tb2xoeGJtZjJtWTRSLVM4OUJGV3hjNG04Nno5eTlCdzdrRS1wbURhYzctWXhZb3hhZmFNVXBvLWhmSTRQYUp0RFNFUDBMejBvRVVHblVBeUNHQzJyU1hpVHByOWxraUdodWx6T2xiNlVCQWRKQUFndXNlakx4R0RIQnZOV3pfWE5KVjFnMVJHOEVGcGtCMFZZOWMtT3lCRkNkc2U4WFBoWlhodWhfUE5zTUF0WHhmeTZEU3VRaHdJV3g2Rkp1ekUzaE1vOFYtak9fMTFCUkRENXlvamR1bVprM0JZTWptYnNFaG9kTFlfbnQ4ZWdlQ0RGU2dia3NrQXV2Uzd6cXB0aVI2NFFvQkJEU3hZdVNzZmdhZXFjOFNEYXdtUWQtdU1XbkVkcFRLMnRSQXlfaVVFclFhWk5WbEtsdUNlb1otaUtJOVlDVV9kbVdCUG1XSnRLY2tEUUNKaUUyTy1ZeWFLb2JyVEVWb196S0EzSU82NG1WVTlYbEIwUDRmX0F0a1RnX2x2QnEtNk5xb0tyellHYU5zUjQ4NFl0TGtGZ0dyT0tuNjJCWlR4aDhmRTRseTFVSlhFLWhlRXlvRGRWWFVpWDBtMmd1ZW1SMkl6Y1JoQnMwUjJLM0E2aVVHSmRIc0h6MGpmUHNVc3RacEtHSUlwSURZSUFSNVkwZV9mdDltWGZoSTRFb3NuRWlPaWpYcnA0YlBBT1E5NUpJbHVVcERTUXE0djV0MVNjZ3dJbTdhbkMzanZidUtwNnUwXzJBZklCRmxlQi1qME1UQWlUQmNzU2kyNDdUeEZ4Zm9hTTQ1ZXhpSzVLLWNxWnlPbzhlNXJoM1JqWHRMeGhZNjcxZldxOWRGc3d4cklWZ0xwX0FfZEsxTHlEX1RSRG9jRVNXRW1jV2NydW1sUzQ0SXlOeDJBWVZocWJUVEZhWnpsTXZ6ZC1EZkFXV2RMY2FVLV9XTjdFUVVmN1hmbk1RMkctUTQzdEFKaHI3WDFRNkVrYm1QS0d6SHFDR1JCeWZacDlnWGVJZzhucEg1b21mZ1pqQnRxaXE2SUhjZUNuNF8yMGF4STVLUzVUYUVoa244RkswSHNubW1fNFU3MUo3Tl9NV2gzeDI1amEyajh6V00xSWtFRkdNLXc4VFBjalVPamx5aFRuS1dmdWlzd0V2aUJhelRXVjg0OFNjaVJ1d1owWkJXemZ1a2MwUk9rT3I2T3MzY1M3azlMeE5nQnpEbVB4Tjdhb2Jyd19hTXhfOW81SjhhYlVaMnpYM1E0WGdyRFRXWnphTktTbkgtZVoycmwzREdoV2xsOGQ0WVZuYjBZTmxVMUFsTzViNlpRLUplRFVBbFNteEE4cmp5XzlWaXNoNk5vTjlHcEZUck1TV2dnUFhLV0VscEJmcl9IT081NW5MRU1HNEdOMFY1TjQ5R05MMDJTWVV0czNBa2RfZmEyN2MzbWxhRXBZYlRJaC1rb0pEWVpVelVzZXI5S29QdEF3ODZGMjVQWjFpYWhXNnduQV9FVG9KWnFSU2FXUFUwYS1DR1FaTVB3YXRFZmVjNDloOTFyc0pfN3BmU21nUFJWb2t2ZlV4V1I0TmxOQVY4QTIyODlBUUljRGpQdFZWeE1xOGI2Vk1kR0hsdHVxdmwyZ2VuS3JmSmtXRjY1UUo5SXdibmNLWThHTm0tM3czSlBycDZCV19RRGNjVG03SEpKT0NhU2hrVEttUXR6T1hPYTg4aDBLZFNOdm1Ga0RsTzFYV1c2Y3dQdDNMbDNURllHX2tlX1ZELXcxa01tcnVTUy03aWg2NWZNSWRyTERVU2trX3FaMld3U3EtbUFkcHNQUDBqMTdvREZCaXBFbXEyZi12cVoxQWtnaHAxTG8ydGhUb0JHVmpORTZUaWs5OTRybWRDLWFCVDR4UkY1WlRzRERfQVp2WldXaXZ3OVk1cTIyNG9ONG4yX0xrb1JjWGduQVBJRTY3aFpPNkdNM045NmNPRURNMm9QRXZnT2VRRVNhaS1xSDJfNjl0V1NJSHdaaXNnSVpGODhuaFAzdXJCUm1jcU5hcldOYmk1bE5oSWdiYk41bnUyeDZRMGd1SDF6ZTRIQ0lxYUJ1akh5T3dFM29uQTdCMldqM3hkOWFTc0RXOHZ5V1NlaUtnaTJFS21jSWdZdTBocFp6bU9yb2VxNXFDaGgwVVRsSFRTUVUtekd5ZVlOdU5tRm94U3duRE9qZGYzTmo2WERqTDk3bkNIVFhva3F2T1RkZzJpYkp6OGtxYnFIeTBVSWIxenZVTlpqY1lfUklvRW8wOEhMZjdQaEM4RTBTSDNVdTlpZkJBc3QyQ0xIQWJPODhaUm43bTkwZ3dkOFg2RVpxRW5VQTVIOExLbm56cXJQejU1YTNpM3R0dURETGFlVXFHdzZiMC04YmRjMFVSQXpZQldzWWVXX0l2YjF6TVlTWWRSdkNLa0l4Z0dWbldiaFNVemhaWDlHbEtHdnY3NmVSbGxMalh5aUM1QnNjaTBoOU55WTlxNm9WeTVEX2Fldnh1VDNxc3F2Zk1ZNjdoX3Y4d25KQnl2X0w5ejR4c2o5Qk1vREVwQVpoODFoZWlLOFlvYjY1SlhHMWdWXzdDaXJvMzJfTmZfZXVSVEQwdTlHcXJEVHltaFF3QURDRlZCTG43UFUxZ3BTSzczSXVXTzFOQmdfdjY3WjJkdWhpSnB5QXVsX2Nydk1zdXJrRHNQYjg2a0pzc0N6ZkJGbTJfZ0QtemNMMzVTM1RJUHk0SklnMF9rSW9wc0QzaWQ4MkVrbnI5UVA1V1F3alpzSXN5YXl3ZWxkTlY3dnc1YzdrQUlwdU5xeEQwaHM0U2pmTXlxZXpETk9BdHc3RVJfLTlYVnFXRWQ5UkprZk5xUmpuanlhRWZDOEZHazJFU1JueUtfQjNha0lnTFFDVlJyNnc4ZGFQaTlqeUdiTWF2QzRCRGc3YTROTE1rcElCUG0wb1ZjUEpjZGdyWEFHNUZILVVmTmswRUZ4X1NNWE5NYmZhTVFkMDdJZjJrTGFSUmZLbUllbXg5dmc1TWp6Nm4yQ0RuVXhUaUZ3YzFNcWJVSFFfbVFrTlhaZVZKQ0J2ZFhBT1NUUTdnMU54WlVpY2xuOXBCVm05ejM0NGhxRks2SEVWOWZnYnByWHRkNXFfN19pcjIwN25KT0lJOWYtUW1YREtFbmZ3R3U5TmF4REJBOFJnQU9ZZ1otSHk5Y1RUUDJvcGdTQXl0RklMVnlnVDIydXM4SExNbVktYTF1bTZXWGpraVdUV1hxb05FbFd6SWp3WnIzRllzblVaSi13OWQ0SkJ1NmpIQUxKRXI4LW96SHJwZGpqQ3pWSXlhSVJJMm91aFNkUF9aVFZHRFJ4WExSWk5DSEFmMi0zSHlpZEFpci1DZHZBY2lJLWdUVUMwTmVkZnpVU2hOUlJ6NDVVRlRMcll6anI1dnZZcm9vLWg3RXBJMER3QUttdFRrMW12c1paV3NxYm9aR2lQc1ZNd0NGNS1iQkRtbDcxLWMySDVLUHJrNmxVZnJjb0ZSazRIN0JWU0NaZjlRREN5NHE3dXlSUnI2UkRzVjdQVUxJVmF1ZFB2NnRUSWxwalFNcW5ndlUzQXZkaG1FbmdYdlJ2QlJBbkdvVlRlc0pCX2NIMUpvQ2szTHBseVp2dkR6N0w2ZkMwcjhSSGlzbXZVZWtqUG5DdjMyeVZ0Yk9EbjJzc2lYeXpaS1Q1WTdhN1RoakNRVEpSR3dRUmNHTVpzWGlMdTZ4aUp3Tkd5QnJIZmoySERvcm9sSDRsTTYzdGxwZVp0MTVSLURGNUpiX0k5QUdSRjVMdlZHcGlwMFNOSmxFS0cwaHBERjZ1S0IzX3ROR1QzTXdoQW8tU1Fub3dZaTAxUlZZMzd3YVVTNnhqdkRRclBSVmVRY1FsX3JjdnNVd1RwX29QNUJiZU1PNVpmRnkwSTcxM1FpbXhETUFERVVJVk5VQVNRa2l3VWFhTjRYbXloYnY0RlhiTWJ5N0w0NHdsXzZOTU5PVG1Jc2hpUnpQWENVSTRZUWZGcEJkN1hrcE1FS3VxN3RzUDI3R3J6cmhvclRiQnZmSUY5ZTMtdWpBVXBHTll4a09FV2ZET2VNZ0F2Zk9WRVh2YlNqUk1YYkRTdklQaDZhRHRtQWs2MmVDSEoxMXFJUDZfQmFBSGZ1WWFLMXNJcXRTYXNFZFdZVzZpZTRFcTdRY3hNSEIwT04yUEVaWUtyZE1NN1F5MUJ4UWI2MlVMeFVJUV81czFpSWwxNUlwNUo5ZzRYS3A1NmRPLTY0XzVCOVJqbEk3SndWUXgyQjRmT1BtY0l0eXpTRnZReC1DUW9zUmRCZjh4aWJQRnZpcFdCZS1fWG5nR0JFVXZLYm1MWHNDLU0zODhWaVF3cEhkU3lKRTZ1a1Z3a0thWlEwTnJLOWc3LVYxM3Qtc1dNbjF2UjFZcFJ5Znc4aWZBTWlkS25ieXNDeVlvVTByS3VKbE1ZVDZNYVREb1RxcjJuN2ZSWW9haDlUaFpibFBHUk55ZzF0eDlSZmd1UUdWdFZsOVJZc1FCOHh3MkFNR3huclM1LUIzbUZYaFFweWhaSVJBbnhiQVdzazVLUDVqY0wyLUZaOU11UTNEbTcyY3F0bDRFbTdKVzNQb0lyNXZQNjI4TmtBN2NyZG5pMy1LVjBDR2pUbTlDVFRGTmNwdnhEOXEtNWxfVmNtS1NzekdaZ0xMT0l0V2ZpZVZaeGJQUExSeEZMTl9sM09RZFlXVWNOeTFSNmNtUk1rZUozbmhvTGJoaVBTck12eXVNVXBjMWpZSjZ0a1ByYWVHR1lZanRRSWNnaVpWYXhpbjRFd18xUVI0Smcya3F3T0ZmY3F6QnotX3A3SmdjMkdWRzVTVzZhMmFxQW90ZHUyc0NfUkExa2l3OUFkN25WUEFITWhPUVQ0YW1pV0ljTllfVklmQzNNZzhleUdXOVFXd1NjVWxWMEZxU1hIQVRqUGZybGNoWDlNZlVtdWl2TUd1ODBxeS11VmRhWlo1aGNNYUVlYTFObjRERjJVOHB2Y2RVdFpFcUhRWUdob3Qyd1FRbWxlZTRwZUtLcUhsNU0wRmF6OGxOWkJDc2U1Ulh4cWtkR2ZjZ1lza2tvRGI4TUlnWDJtZzY2UnhxenNtTjJNaE81clpTaWtEbnI5a1A0UXZVTExHTzNrRV8yN09vbFhyTGpyTGdCTDdLdUpEa3pieFFBNlBZbHlnaVlaZV9iMEZuNHRuMHhvQ2w5bEhac0Y1dFQ4cTJuOXJPR080SjVpRkpVX05XdmZ2LVdZa3VLWlk3cGlVM25QQmlnNHFKcFB5eHptVTBOYzZKTThjLXFwa2hHbTMydklFeFpGZWRvRDY4cjdZVjJ4UERkMXR4UldyNG8teU56LUhjOGFGVWNMNzJfMm5Ga3lKSk4wUk1vNF9McnJQMHNvRDI2d053V0gxdG9MUGl1V0lvbzJ3UlRlOWFkaEh2Q2RKazlYMkNzeDk0Z2tDN19kU0ViTmtqemJoRWZnVjBwdEJsdzdzNnVNRkhkQ2lPR01OOXkwUC1VNXhxT0d0TUpQYXN1UVJ4RGdoRjBDNWdWMnFyYVgtRm1mdlM3Mm0xbWVVYmYweDkyOF83Q2ltWDRWX2U4MGtzdU1TU1FYaVRfdW85SjNzSVFicGFIZ3V5VjR3ajRLNFhvYTQwRDNRWmFMSER3OUlHWHVRNGxMUG1vYm5ob19NLVIwUDlYOFRlTFgtNS1MS3lkMlB0TE1EMFEySWpNQnZHT0JmbEJ0TVNINHJ0ajBMNHlIdDl2Wm9CY1VoRm9VaXg2R1MtaVVveXRmekhMaFhDb0xqVldsdE1PdlV5aHBvUm84T3cxSUpxQ0VKRjVLNkFlRUhsLXN4Vk5zU09rRjZHSDExU3c5ajZoVmtUVDJQc1h3Mm5CMElaa3k0Nzk2QXFNYi1pSWVwNnVhVmVUOHhpNGZyZWcwdk1zbFFZQUJEUUNFbzU4eV9IMlRaU0tPWUVhWEdKNzVJRy1VQVRxUXI0bHJ3QVU5R1B4a3RjNkNfVzZMWmdidkZhajhfWDYxaDdlOWlMWnpVdi1BVXItMkRXTkUyLXBjYjREN3hYZWdnQWNnQ0toRTl4RVhXQWkzSzFKLVZ6dEVTblV1Vkxnb3VueHU4QmtiOGpBVjExUVgyd1RvQkg0Qk0wZUdNcmJ0R3JMVFZxNks1VlJBeFJtLXNQeVhjMTBId3NVeTY3SlNQc0FpaHE3UjFIMDZOLW5NNFEtcTFTbmpwdjRSeV9NR3pFS0FVMWEwTHZEQ1FieVFqd1dwSW5JSzRtQ1lsNGtmd0JSUFhvZ05hTC1mY3FQZVhBZjJFcEZLaURfMG52R3gzdTJzamlGS1F2aENLVWx3WEdSRzl3NkVKa182ZFlzdDViVTdWdUZ6Vk9rRHQtR1pGOWc5YWFUanVIUTB2MUVXZ3RxYlhiRVpxcEhQcVZaWjl1UFBmZlFmMkE2UFJPZVByM3lQbHZtU3A0ZnM1SUFjWEYtM1A0bUNOSW9Yd0M5b1BvdHZETC02V0Z6U1lvMFZYU254WGpTQzJGcVIwaVlpX2Q4ajhaTGhncG5KWVpCR3ZzWFJHV0VfQ1FBVS0zNVYwQVJQZ182bnJrM1J2cDhUWUx5WEFsNHgydHNOVFI5YldQWFotOEg5WWg3MFAwV1VxMTRteWdOUDZmTTNLaVNpNjB4QVAyZEJENFZackJjeDZReGc1UnVkRkJBamtEY3JIX1J3UUhKY1VXR1Y1elMzWXdOM1h2bE1QeEZXWVBzcDloOGItcS1XeFBaVG54NjdoTzhMcG5IUHlIbEplMWVrSDVBajRLaWdKSDBORDk2X3NmbTdWMjZhM0tZX0FsVmlvdkR4Y0hpa1BaZkJDb1p6cTczZ1NINHhjQkpwOTNsaEtnaUpCQzE4eUNBdVdONUlmcjVOZzVjWGJQaXEwWk1WMS1mV0RJal9CeGZXdm5xS1kzRjdHYjcxNVZYUmlLVnFEbTM5MlMwUUZkanpwSXBXRHp5emNHQ0k0NUhtZHgwQjl6cVA3MS1xaEVCOG9zYlhhNUVBLUlLbEhDcWFNYXJ6aXRsdVJTVm01bDRWUml1Q1NQVUk4TDlCaE83UmlkUVNqcjNTY0JiTmxxWVZCNEpDTFFyLTgxTHRKQk1KcXB2ODdsaml4U3ZYbnhXa0daUnN6RDhpOVo4eDhVb2VFMHlBYVNHWkZOZjJLMnZkZzR4WGVUcC1WTkh6b1M4a2tHRE9qcFg5X3Y1SDh4OFVUTmhkWjdXTG5abVY0dzlQRU1mYWlycVhFRlI2Q0tmWUFUMjVrbkpoMWtXdGtfRi1OUU00ejRPRE13enNTSzJYSVRYdHU4V3E0dmpTQkI2S2puRGdEOGhOQlRaOElidU9vM19QdEFfcFY1WElDMmVLbl9Lall6NnpGY1JlOHhCa3hQM2VscmZ6X0o0Vm9KU0JBM2R4ai1nOU9OdTBxV3loZ0RWMUJtSHNqaHNQVzIyeWN2ZGJCYjZTeV80SzVTMXVYQlBHeG44MzhRMnZvX2Z0VVZKNmsxUGktVDV2ejh3ZC1NWkluVENlUENDSFlESEpOa2ZSRGN2VV9hbWJ2S1NSZ2xYWVFfZXpsTWh6dXNETEdkbDAyLV9KMllNNkhLdER6UXNpS09rQnZQd095S1J5a0FaNnh1TUQ4X21LZ1IyNUpRNFJDMUtCVHZUTnpEZDUtZ1l0TFZTSnVKT3g1TlIwLWNCeHNXQ1phZkY4dGplbVZiWGNUbzZYLWxwLTBMYVlZYm5vQmpzZ3c5TWhBYV9JRWhGaGgzSkNiclJQRHJmY2NXcXhNVEY3M1pGNzhhSnhLVWUwMWY0b09jbmdUU2JWTlpjanRFcHNoajdqbFVCTXdBNWR4c0tkSXNwdWxTVnhxZmVId3NqallPZGxVRUlBODdRNHJqZWNNbWdkQm51LVZrYjdVTWFxd2tiR2xfQVpDMk00T3FLaHhtUWV3WGhWVVVtWWpGdmNBSDk2dElKRTJSNnc5c2ZtRTVGTlN1Nk1aTGJvU3lZcHI3SEJPSHNBXzUyLTQ1R2pYaTd4OWJPMmlUc21Vemk4OFFkU2tSemYtSlJsSXlVemdHMDNCUmpuREZYUmZsa00tcFNrei1vZk40V0hYc21zRXRXQ3RpZ0pxQW50d05mTElsYU91SjZkU0xwMVRub2d5QTE2YmdDUU12S1dKeU1tczBlNU1kYWx0R0V1NlJlZTV6ZEZlMldyWkdNOU5JY2dBY1U3SkdueF9NY3JZckg5STRmTXZEaXlNRXB3WWVVNHFpUlM1SUlDS0pkMC1pVXRGUUdUX2duWGdVeDh3LTFYejBOcklnb2U4U0JEajIwZndTQ19zakVmM2pCTjY2U1NSem9fVDNVZWZHV045bzF4LVNjOGNNQUQ3RTVvT0hGNjU1RlUxSFhDbkFNM2NmVHlBd3dtcGVsclVqb1dHVklvd2U3anBTOERCMFNZZEI0ZFYtTUlzSzE3WldBWGxBV1Jub29kQWdVN3Y0b2Rvai1UaXNTdHpKaDgtNS1WazRUSm5Na1F4eWY2R1dlWEJVSUNsSTV1Z3JUNVIzU2xPem5sWFk4dU1kMGV2NDZUVFQ5OE5yUVFOdnl2QUlEblNlQ3dxQWZ6bGFmSmpBVG5oQzM5UlRraHhxMi1hYlNKdHBucVZyYWIxbDBubkFwbnZmdk5wRWlVTzQwSWpaXzJDa2hPeGJPNERWdzJEOGduNmhJVVY4U0pOMjduRC1ub2VKSS1zV0s1cWVVNk9weG5uZ2R5eHZTekFXM2FfX2tuQmZvcmpscjdpb1k4RFBYQkE5bkxSX1NQWTR4b2Jqb083OHJvdkMyejhFZFJsTUZJaUxIeDNqcGZwUXR1WkVYbnpwbWpNaGtTRUI5WDhwZU9jV1huYlBkYVItZjFTYm0wNXdwRXBVRWxaQjZXaE00VzM1ZUNpQmVYbEtNS085UTRpQkI3VVltQ2ZaOV9nOEpGM1I4SmppZm5DODI2MEJEOHBBUDd3Y2JrT1R0eXZQdkl6X3pHUXc5ajlLVnhVVEQ4dVhqYWtJQVBsOXFBWjVpRERaWC0zNzA4SnUtUTlWQ2ZON3F2bWhlQkJLNEV1Z1dvZlZrTDJRdXZ4aFdJRzZlZS1scUNmQ1RTV2hWb3V6bl96VWdxQ1AyQXYxN0Jmck90U2dSZERlSGRCdzBsQ3B1Zmw0UjVPQnIwQ1JzMms4cVRLRDdJcFg1dnJLZHJ2cTE1VmxSU0dXR1pZdlFSa3VxN0VLRTdtNWE2YVFoUjg0eUVFQjBtdzN4b1g1blZfWVVQOENJWlkzVm9vYWNZSFlTYklSTGlhS2hBVXlvVnRpRU0yRVdkQmxkMHVDbTdSTms0QXZrV3RISFYwbzRDT1VWLXg1bzFVZXJnX2JUX0U0SFZZMkt4eVN1TlpHd2RvMGhWMDVLaDdseWtteTl1ckxXamV5TFdEbW1DMGtBRW1JbTVDSGxxcl9IZXMzMWd2NUMwdlZjQUl2SkRuMFFZdHRIVDQzV0tUNlJMSGxURzV2QWJCRmlsUFVLT3F4dnVoR3g0eVpabWNPamdLa3daM0d1TkxhV1paTU1SNUM0QjV3OERGNFZVeXp5eGlFaGJtYjEzeDA5T1dpTWttNl81eXVkaFlxSFFmMDZIZThhdndWSExoZzVHbWh3N2h3MXZLTm1GM0o2d1VIa09yaVcxWnFRdFloX2JRUFR5SFFKTHB5b0ZPb0d5aFdwSG5WV3dQNTJRYlVZTmJ1aERqazI3b0tZSXFwbzNfZUszU2RDdllyMWwtOUw0Y2FhMHEyU2FxaHhObWJXbi1hYUNwNWVsT1JkSzFtczVqV2Q4Q1RMRW9OcEcwejkyYk1RdG82Rnc1cEU1cHhvNEtKZU1FNXp0RW0wNlBUWG5Oa0wwRVpjVHREajFRdTlFT2plamdCcnA1cUVyemVTOHFjMGJHa0dwbHE5MzlhU01IUTdtOHlMMGQtbGtwWjZwTzRUMElvOUhGeWVPbE9yZXpCazc1LWZEbDhIY2hsWmFrbWswUTg5LVJNNDF6RjR6SmVtX2F1WlNlSVVMQjVvYk5SMm9LWEhSRENTUWNJSnE0ZUpTaUlJYXBseGFmOHdEdVcySTBMVHpWTjRua2owdHpSa0Q0emRSdnZXMG1KYkpCWXM2OG5fNThlRFNfdEYzZzVENHdrM1dXeUstYVVJSE9TX2l3ZmhiVHFHY2tkZUg5Y3lCclZkekdtN1VLS3RORV9NOFRRRFdmMjk3NW9raTI3RDB6LU1VYkdnaWxVV2tpUFZHdWZ2ZUh6T1RhTk1KUUVEdTM2V0NCSE5nM0t0SlpmWEtHWnkxbmtwcWVmY05hRE5tRmJOdTZaUHd6WGdrbDIyR0pjRmdoMzk1SGxwUmxKYUFEdUwwS2RpLU5IV3RyN2RudEJPc1Zob1ZTMTRsUGFtNXdtSlA0NEhFWG02bHU4RWtIRFlFc0h2SzRsQ3JZY25mYllRQkxZaFpsY1ZTeEZuMTNLTG83NmRwLUpFejc2NjJFNmtWbno0b0lQcEl0eFhDbEZPbnhDM25ZQ3dGci04NE5PS3lJYXpKOWNSZnJPeEdKU0ViZXJOczVJV3N2R2NUSmJGcEtQR1ZOeW9WOXoxWGVqZ1d3ZGRVeGhqaHJYNzRSX0p5azV4MHlCR3BRcC1FZzc4X0xETVRqQi1raXg1azJVTjBrNHNYYzhUenhMQVBtZkd6RmZkeVBJMFQzMWdRQmZETy1LX3JKWGd2Tzc3Nks3T0FjaDQ5QTd3b0JQelVmdEV1MFFzc2R3QXp0Wm1FWk9ueGF3d0JFcnV3OEdMRjRnbjBieTBLNGpETUI3bmdoMXFZQ2dTUkViOTVjTXZrOVNVTnFnaFFodV9KYkNkMWotZDc1SFUwZk1HQWl1NDRxVE8tR1l6SnEyZ1RCYlQzRnRaMU1TNTg3VFNla3U1OVdrN0ZTaGlfeW1MUnRFd0R4UEhqSjJkM0hlQ19VWnNrbURIS3ZzNGVTbmZveEh6cDdtbGN5NDV4eXVWVFJFdlZuVUZoLWhrR0lKQS1zQ05UUFJiNnpTQnJmZ3UyTDFDOWtqZF90V0ctQ2tRM2E5dWxQUXg1X2VwMGI4bDFUSTVBdU54N2taNG9Pa09NbUtKbHZnRE1jNlBMMkw4bjZWOUkxbTE4d1dOU3YwQjhnMUl4QzZMdzBtbmNEa2N4Y21PNUF2UnFuMWhHM3gzU3pzSXB5VmVxdTM4VXhXcW90cWVlRzFoQU85VDd2WG5mOTQ5bFJnWTYtbG9EdGN0QmhsaFgzLWIzNnJWdEJERWtCMHVUYjJRdU1ialdzc0pCTElaR3hNRzVGRHlpWl9XZXY5UURIa2g2cTBUbllZTDFPQ1d0Y3hnNFI3ZE9tN08xbDJkdnFzSGhzdm5MUWV3ekNDaUtvZ2hGbjFkX09LbGF6a3ZOZjAwSFd2eXJJNzdPTDZES2J2VTRTUFcxTmFqWUNUV1V1N0VaWW9WYU9HdW94ZHp6dkJLeWZXMGdRWXRRTkNfR25DVGVtQWZvZFJCMHZGM3NoaGhGendqUjB3dWI0bHg4Q3BCTEQ2OTRLUHN4cktuR09oMDZMUklvNlo0a2p5WVhFSkVxbDJTSGRzTWROTXZ3cEt4SmdNOFdmSmw5U2psazlwY2hObndOZFAtTkhJT1Q1MzVyT3NtaUFsalVpNWxvQ1A3WWFpV0gtendteW1UaWVReXJLNmw1eEszcjcwNkpENGVHdm5PS2dKRnRIY25GNDU1OGZRWDJKNnMyNjlYUkFSVTZTRERzX200QUxjaXFZYXUtUGMzbVV4M1M1NzY4dFFPa25kcVdoeXNRR1ZTbTRnYy1kM3oydmdvT3BqeVpGcnA5c05tTXhSTkNmbERRWldTUWc3TjBHUmxhTDY5NEo1OFhTTVJhLVdoTUZyTlp3ckR6NDBjSEZHdHVpTnN4QmtfSEUtQXJlYk1Jb3U3U3BVTkhmME4wNTdqVEJYOTJxM3V4dGppQTlndzdHZXE2U1dxR2x3QWM3SkVPczRvNTJodVhmN0J5ZHdheWE1WkE0U1hDWnktbDNRUm91ei1JNjFPTHJQd1c3TzRSMk5UQ0pzSnVWZC00R2kxelpCRzI0RHEyX3JySGprcFcxMFJ2Rzd1c0k3eU00MFNycFlwMWd3WEh2Vkp0ZXpMYV9BN3RTNGZBYjkyOVRzV3N4R01NUGZRYVBBT2U5QUtKdUtqVXFPMW1WZHVfRDJOV3dwa3BSaFFPcW1YM0tnVXEwV0NMSDNyU1Q2Umszdi1MbXJGLU4xY2tGSnlhcjZFanpUNWpkd0VudGF0SGx2dC1NcjZLazNsbmxhSjNmMVRacjBIRmMzeXRTREdOY2NDZVpHbVhHT3E4SnlGMVg3TVNmaUlQSVpQZktmMG1OUGV2S2FEZHNWWjByd1NOUlR2Ylkya3hMMWxXbGc0X19xMGt5UE5ad0RrdV9xNXh4eGltbk0wekJxbWdsSWl1Q2VkWXZYUDhOZGNDSkxYbGgwZ01ZQ0pwNHBIaE0tcTh5QnFmdGVFVHc3c2ZqM3QxTW5oSjlEcmZGdXpqRm0taUJ3X1lRNEtOVTFTSUlmRnMxNDBTNkRUejFpYXhTb3A5VEpDRVNuSjFYeU5ld0pYNkk5amNsVGtnSDFpVEFNbElfNU1FWktlTlBkanFCWGtrb1Vzc1hZQlRfMnlvQURuZkFJZzhBcHJLbXFPVG1oMEdybENkV29zanlvX05UcW10Y1pKYmdKcUM1ZFUtVUtSMFVrclZmUGxSeVl3aFpUR2p4SGJYR0U5eENyenNLdDV4X2w4UTNxTjVDcE9VQ1BIT3hLTXN3TXJFQWFQR2RwQUluelhNR0NmYXpGVno4QmhhOGtHOXFKdUtIYV80dHUxc1doNmhKbEhqVm5UUUJQNG1zUUlVdEdEeTBTNmNQdHZZb0NXaDgwclM3c091ejFSSVJuanJLWk1lUlhjT0s2d0pQVVV4b255SjBDZUE1elVrc2NvVVRPWnN2ZUlLWDBvRE9ZR2FESGdRQVAtamc5TGc1QzZPZ2NrbXJoNkRnVHdPNF9TSldXUnRzR1FrY1pqWlVMb2FWTUk4ZW1QcVpnSzNMS1duQXp0RHF3SGFUWk1ZcTI2UjZRNEVlWVI0bDN5emJlbVQwc3NXRDlmYXJKUnM3VTNyTC1uWHBlTmdsc2dfWXBuejhnRDlUbGxuTENoNTBsaXl1ZF94RHdLeWtBcUhnQ1pPNmV2RGVkSEhKZjF2U3I4T29OZ3VvSlZiVFU0LThHSF9ubzJXeWhTMnd3ZVVNemowd1VjbUJUY1RSdkx5S0hwMjlCQjNmNm1xOUhrVXFBNmQ2ZmsyVVExV0xlcXdPc0piRnpSUnhUc05WR1NFUENudm92YUZoTEpEV2hjaWpuRGV3T1lsLUZwR3BlM0xleWh6YVl5TnJEMEd1bHNuMVdmUUZRVXJJeF9vU3NWaVpjUnk3MnpvdUNxY1hHRjBJbVlSeUlQRFVhVDJ5dmM5SzNGSkxzRktaMkY1YzU5SUgzSTBuRUpZYXlmRzFjT19QWElwT1lpOXdVT29xNjFVM1UwN1lXODE2WS1wb1JXSlppVDB1Q2cybE1XTFg0RGJORDl0ZmJGejktU1lVN2JDZEVEMUxaYURGanFYZTV0RkwzeHlPbE1fVkx2SW5UNW4zUVNheWRpMGZtV181eTlERXI1RWlJWWZoenpzLTY5YTRlUWxGWUpFaDdzdDVpOTNkT2NLVndsTWxRLXFISlpQcXdCWC1EN1lmWEZFdVI3ejEtT1pvZ081T0RjX3ZpWmNGRU9Qbi04dVFVbGRhVTBkY1pzcEFCbHhza2FTSUdIb1Z4NXNXQW9XUXh5VHRuZG5tZVlVa3dyUWY3WXhPQ3BNcWEwMVhiNUJOMjVMRjVIM1phcnNlcFljZEVSbzA0LXhWSEJ1ckpqSDYtSXNOZEFBY0hZWDliTm5pN3pWZzRrMkZoc2xwelU1b0wzbXQzZ3R0UzJJQ19HbUF5aV9HSUF2XzZCS0FGYWZSQ3BMRWh1Ukw3ekdqbFhtMUJOcG5rRV8yaG1TeG1idDBySVhRZFVIRW9jS1NLYTRkeUZOSnJBazJjbDljSjlZT2g3VFRNNTBTWU1aaDdXQVNubjlfREtlUE11X0p0bmQ1Q2ZyV2dDOFpmejJ6SjBHOHhwMzRCTXVRdG5TQzItT1JCSmx3aWp6T3pFclV6MTZEU1JxWEhnaEF3RFV5cExRZGhrNWUzMXM5YWZvQ3NfWVowQWtuWk8tQVVNcXN1bU1pdDJ0UThJdldBVzRCMjVPYnRJc1NtMlM5MDQwdTd4dUw0U0hLeWx1RG55MzRwUzBKSzg5aU5XZjdlN0xuQXRLVkUyNndSRklkMk1XSmlYWFpNLTRlUm5xZ0s0Rk80ZEI3YU0yOWtzbkZJby1wMTBNMGZ6MUJkOTRBT0tqb3R3M0FvU3h6QmwtSXRaeS1RbUVwdEVEdElSeDVWNFpoaC1fZDl6bUEyM0RjaXptVUVYV3otcGd1RDhmWVNHMXBocGZpZnJTd3c2c0c3dU1VeVYwVHdIclBCSGxHYU1CeGY2cXFjRGRNbm5nNmZmWlFvZFZHN3AzNVZjNG42aVlXSldwZ0pwUklxWUhZZU1mV1dJSElKSTkzdVVWOG5FejRBTmpDM0dpX0VObmJFdWVJZG12TmV6U01LY08yV0ljWkV2TTIzLWNoLWhLUThLVWZEbFlVMUZTTFNrZ25zaHpXSHAzYTlEQmh6ZzdUcS1NeWdCUUhLN3BUT1V6N2tzRTdoUkpzQ1V4T09CanNQZkRSWm40bEo0ckRxNHNLVHpxQ3V6dy14YkFxTTFhYTdvYlc2eE1NVC1HTHNRbW1hYkFiWXpMTzR6eURNU0JRaGVJaXAwUmJ1UjVjN2pLblpoYUEtMDU5SDFTNmdndE5PQkNKX0hDS3BJS0tHNERrQktGYmNCLWlCaktJcW9hRUtsUXB3SUlWLXhMdlphYlFSU0tqbC12azF1SmpIOXItczAweTJfbm9Yb1FUMWNjV0QxTS11QXYzaWFZVkp6UzVPODVnLV81YXNmOEJwalBfaEltT2s4UXBEb2dVRHQyeWJlRVY4N3dzWkNtXzRhMW9OTXRiRUVQZz09
glyph_question: unknown
unlock_message: ⟡ unknown2 unfolds...
valid_hashes:
- 6b27ecb3eebad27efb573315d9575a5e44e566ea126bf081394e9d313732ef34
